// !$*UTF8*$!
{
	archiveVersion = 1;
	classes = {
	};
	objectVersion = 46;
	objects = {

/* Begin PBXBuildFile section */
		762FB85C1A25E64600F68BC8 /* main.m in Sources */ = {isa = PBXBuildFile; fileRef = 762FB85B1A25E64600F68BC8 /* main.m */; };
		762FB85F1A25E64600F68BC8 /* AppDelegate.m in Sources */ = {isa = PBXBuildFile; fileRef = 762FB85E1A25E64600F68BC8 /* AppDelegate.m */; };
		762FB8621A25E64600F68BC8 /* redbull.xcdatamodeld in Sources */ = {isa = PBXBuildFile; fileRef = 762FB8601A25E64600F68BC8 /* redbull.xcdatamodeld */; };
		762FB8651A25E64600F68BC8 /* ViewController.m in Sources */ = {isa = PBXBuildFile; fileRef = 762FB8641A25E64600F68BC8 /* ViewController.m */; };
		762FB8681A25E64600F68BC8 /* Main.storyboard in Resources */ = {isa = PBXBuildFile; fileRef = 762FB8661A25E64600F68BC8 /* Main.storyboard */; };
		762FB86A1A25E64600F68BC8 /* Images.xcassets in Resources */ = {isa = PBXBuildFile; fileRef = 762FB8691A25E64600F68BC8 /* Images.xcassets */; };
		762FB86D1A25E64600F68BC8 /* LaunchScreen.xib in Resources */ = {isa = PBXBuildFile; fileRef = 762FB86B1A25E64600F68BC8 /* LaunchScreen.xib */; };
		762FB8791A25E64600F68BC8 /* redbullTests.m in Sources */ = {isa = PBXBuildFile; fileRef = 762FB8781A25E64600F68BC8 /* redbullTests.m */; };
		7677CA141A26F997005675F0 /* GGTabBar.m in Sources */ = {isa = PBXBuildFile; fileRef = 7677CA0F1A26F997005675F0 /* GGTabBar.m */; };
		7677CA151A26F997005675F0 /* GGTabBarAppearanceKeys.m in Sources */ = {isa = PBXBuildFile; fileRef = 7677CA111A26F997005675F0 /* GGTabBarAppearanceKeys.m */; };
		7677CA161A26F997005675F0 /* GGTabBarController.m in Sources */ = {isa = PBXBuildFile; fileRef = 7677CA131A26F997005675F0 /* GGTabBarController.m */; };
		7677CA261A2703A2005675F0 /* FirstViewController.m in Sources */ = {isa = PBXBuildFile; fileRef = 7677CA241A2703A2005675F0 /* FirstViewController.m */; };
		7677CA271A2703A2005675F0 /* FirstViewController.xib in Resources */ = {isa = PBXBuildFile; fileRef = 7677CA251A2703A2005675F0 /* FirstViewController.xib */; };
		7677CA2B1A2703BC005675F0 /* AskAnswerViewController.m in Sources */ = {isa = PBXBuildFile; fileRef = 7677CA291A2703BC005675F0 /* AskAnswerViewController.m */; };
		7677CA2C1A2703BC005675F0 /* AskAnswerViewController.xib in Resources */ = {isa = PBXBuildFile; fileRef = 7677CA2A1A2703BC005675F0 /* AskAnswerViewController.xib */; };
		7677CA301A2703CF005675F0 /* ExchangeViewController.m in Sources */ = {isa = PBXBuildFile; fileRef = 7677CA2E1A2703CF005675F0 /* ExchangeViewController.m */; };
		7677CA311A2703CF005675F0 /* ExchangeViewController.xib in Resources */ = {isa = PBXBuildFile; fileRef = 7677CA2F1A2703CF005675F0 /* ExchangeViewController.xib */; };
		7677CA351A2703E2005675F0 /* TurnTableViewController.m in Sources */ = {isa = PBXBuildFile; fileRef = 7677CA331A2703E2005675F0 /* TurnTableViewController.m */; };
		7677CA361A2703E2005675F0 /* TurnTableViewController.xib in Resources */ = {isa = PBXBuildFile; fileRef = 7677CA341A2703E2005675F0 /* TurnTableViewController.xib */; };
		7677CA3A1A270EC4005675F0 /* Constant.m in Sources */ = {isa = PBXBuildFile; fileRef = 7677CA391A270EC4005675F0 /* Constant.m */; };
		7677CA731A285646005675F0 /* Reachability.m in Sources */ = {isa = PBXBuildFile; fileRef = 7677CA721A285646005675F0 /* Reachability.m */; };
/* End PBXBuildFile section */

/* Begin PBXContainerItemProxy section */
		762FB8731A25E64600F68BC8 /* PBXContainerItemProxy */ = {
			isa = PBXContainerItemProxy;
			containerPortal = 762FB84E1A25E64600F68BC8 /* Project object */;
			proxyType = 1;
			remoteGlobalIDString = 762FB8551A25E64600F68BC8;
			remoteInfo = redbull;
		};
/* End PBXContainerItemProxy section */

/* Begin PBXFileReference section */
		762FB8561A25E64600F68BC8 /* redbull.app */ = {isa = PBXFileReference; explicitFileType = wrapper.application; includeInIndex = 0; path = redbull.app; sourceTree = BUILT_PRODUCTS_DIR; };
		762FB85A1A25E64600F68BC8 /* Info.plist */ = {isa = PBXFileReference; lastKnownFileType = text.plist.xml; path = Info.plist; sourceTree = "<group>"; };
		762FB85B1A25E64600F68BC8 /* main.m */ = {isa = PBXFileReference; lastKnownFileType = sourcecode.c.objc; path = main.m; sourceTree = "<group>"; };
		762FB85D1A25E64600F68BC8 /* AppDelegate.h */ = {isa = PBXFileReference; lastKnownFileType = sourcecode.c.h; path = AppDelegate.h; sourceTree = "<group>"; };
		762FB85E1A25E64600F68BC8 /* AppDelegate.m */ = {isa = PBXFileReference; lastKnownFileType = sourcecode.c.objc; path = AppDelegate.m; sourceTree = "<group>"; };
		762FB8611A25E64600F68BC8 /* redbull.xcdatamodel */ = {isa = PBXFileReference; lastKnownFileType = wrapper.xcdatamodel; path = redbull.xcdatamodel; sourceTree = "<group>"; };
		762FB8631A25E64600F68BC8 /* ViewController.h */ = {isa = PBXFileReference; lastKnownFileType = sourcecode.c.h; path = ViewController.h; sourceTree = "<group>"; };
		762FB8641A25E64600F68BC8 /* ViewController.m */ = {isa = PBXFileReference; lastKnownFileType = sourcecode.c.objc; path = ViewController.m; sourceTree = "<group>"; };
		762FB8671A25E64600F68BC8 /* Base */ = {isa = PBXFileReference; lastKnownFileType = file.storyboard; name = Base; path = Base.lproj/Main.storyboard; sourceTree = "<group>"; };
		762FB8691A25E64600F68BC8 /* Images.xcassets */ = {isa = PBXFileReference; lastKnownFileType = folder.assetcatalog; path = Images.xcassets; sourceTree = "<group>"; };
		762FB86C1A25E64600F68BC8 /* Base */ = {isa = PBXFileReference; lastKnownFileType = file.xib; name = Base; path = Base.lproj/LaunchScreen.xib; sourceTree = "<group>"; };
		762FB8721A25E64600F68BC8 /* redbullTests.xctest */ = {isa = PBXFileReference; explicitFileType = wrapper.cfbundle; includeInIndex = 0; path = redbullTests.xctest; sourceTree = BUILT_PRODUCTS_DIR; };
		762FB8771A25E64600F68BC8 /* Info.plist */ = {isa = PBXFileReference; lastKnownFileType = text.plist.xml; path = Info.plist; sourceTree = "<group>"; };
		762FB8781A25E64600F68BC8 /* redbullTests.m */ = {isa = PBXFileReference; lastKnownFileType = sourcecode.c.objc; path = redbullTests.m; sourceTree = "<group>"; };
		7677CA021A25F65B005675F0 /* PrefixHeader.pch */ = {isa = PBXFileReference; lastKnownFileType = sourcecode.c.h; path = PrefixHeader.pch; sourceTree = "<group>"; };
		7677CA0D1A26F997005675F0 /* GGTabBar-Private.h */ = {isa = PBXFileReference; fileEncoding = 4; lastKnownFileType = sourcecode.c.h; path = "GGTabBar-Private.h"; sourceTree = "<group>"; };
		7677CA0E1A26F997005675F0 /* GGTabBar.h */ = {isa = PBXFileReference; fileEncoding = 4; lastKnownFileType = sourcecode.c.h; path = GGTabBar.h; sourceTree = "<group>"; };
		7677CA0F1A26F997005675F0 /* GGTabBar.m */ = {isa = PBXFileReference; fileEncoding = 4; lastKnownFileType = sourcecode.c.objc; path = GGTabBar.m; sourceTree = "<group>"; };
		7677CA101A26F997005675F0 /* GGTabBarAppearanceKeys.h */ = {isa = PBXFileReference; fileEncoding = 4; lastKnownFileType = sourcecode.c.h; path = GGTabBarAppearanceKeys.h; sourceTree = "<group>"; };
		7677CA111A26F997005675F0 /* GGTabBarAppearanceKeys.m */ = {isa = PBXFileReference; fileEncoding = 4; lastKnownFileType = sourcecode.c.objc; path = GGTabBarAppearanceKeys.m; sourceTree = "<group>"; };
		7677CA121A26F997005675F0 /* GGTabBarController.h */ = {isa = PBXFileReference; fileEncoding = 4; lastKnownFileType = sourcecode.c.h; path = GGTabBarController.h; sourceTree = "<group>"; };
		7677CA131A26F997005675F0 /* GGTabBarController.m */ = {isa = PBXFileReference; fileEncoding = 4; lastKnownFileType = sourcecode.c.objc; path = GGTabBarController.m; sourceTree = "<group>"; };
		7677CA231A2703A2005675F0 /* FirstViewController.h */ = {isa = PBXFileReference; fileEncoding = 4; lastKnownFileType = sourcecode.c.h; path = FirstViewController.h; sourceTree = "<group>"; };
		7677CA241A2703A2005675F0 /* FirstViewController.m */ = {isa = PBXFileReference; fileEncoding = 4; lastKnownFileType = sourcecode.c.objc; path = FirstViewController.m; sourceTree = "<group>"; };
		7677CA251A2703A2005675F0 /* FirstViewController.xib */ = {isa = PBXFileReference; fileEncoding = 4; lastKnownFileType = file.xib; path = FirstViewController.xib; sourceTree = "<group>"; };
		7677CA281A2703BC005675F0 /* AskAnswerViewController.h */ = {isa = PBXFileReference; fileEncoding = 4; lastKnownFileType = sourcecode.c.h; path = AskAnswerViewController.h; sourceTree = "<group>"; };
		7677CA291A2703BC005675F0 /* AskAnswerViewController.m */ = {isa = PBXFileReference; fileEncoding = 4; lastKnownFileType = sourcecode.c.objc; path = AskAnswerViewController.m; sourceTree = "<group>"; };
		7677CA2A1A2703BC005675F0 /* AskAnswerViewController.xib */ = {isa = PBXFileReference; fileEncoding = 4; lastKnownFileType = file.xib; path = AskAnswerViewController.xib; sourceTree = "<group>"; };
		7677CA2D1A2703CF005675F0 /* ExchangeViewController.h */ = {isa = PBXFileReference; fileEncoding = 4; lastKnownFileType = sourcecode.c.h; path = ExchangeViewController.h; sourceTree = "<group>"; };
		7677CA2E1A2703CF005675F0 /* ExchangeViewController.m */ = {isa = PBXFileReference; fileEncoding = 4; lastKnownFileType = sourcecode.c.objc; path = ExchangeViewController.m; sourceTree = "<group>"; };
		7677CA2F1A2703CF005675F0 /* ExchangeViewController.xib */ = {isa = PBXFileReference; fileEncoding = 4; lastKnownFileType = file.xib; path = ExchangeViewController.xib; sourceTree = "<group>"; };
		7677CA321A2703E2005675F0 /* TurnTableViewController.h */ = {isa = PBXFileReference; fileEncoding = 4; lastKnownFileType = sourcecode.c.h; path = TurnTableViewController.h; sourceTree = "<group>"; };
		7677CA331A2703E2005675F0 /* TurnTableViewController.m */ = {isa = PBXFileReference; fileEncoding = 4; lastKnownFileType = sourcecode.c.objc; path = TurnTableViewController.m; sourceTree = "<group>"; };
		7677CA341A2703E2005675F0 /* TurnTableViewController.xib */ = {isa = PBXFileReference; fileEncoding = 4; lastKnownFileType = file.xib; path = TurnTableViewController.xib; sourceTree = "<group>"; };
		7677CA381A270EC4005675F0 /* Constant.h */ = {isa = PBXFileReference; fileEncoding = 4; lastKnownFileType = sourcecode.c.h; path = Constant.h; sourceTree = "<group>"; };
		7677CA391A270EC4005675F0 /* Constant.m */ = {isa = PBXFileReference; fileEncoding = 4; lastKnownFileType = sourcecode.c.objc; path = Constant.m; sourceTree = "<group>"; };
		7677CA711A285646005675F0 /* Reachability.h */ = {isa = PBXFileReference; fileEncoding = 4; lastKnownFileType = sourcecode.c.h; path = Reachability.h; sourceTree = "<group>"; };
		7677CA721A285646005675F0 /* Reachability.m */ = {isa = PBXFileReference; fileEncoding = 4; lastKnownFileType = sourcecode.c.objc; path = Reachability.m; sourceTree = "<group>"; };
/* End PBXFileReference section */

/* Begin PBXFrameworksBuildPhase section */
		762FB8531A25E64600F68BC8 /* Frameworks */ = {
			isa = PBXFrameworksBuildPhase;
			buildActionMask = 2147483647;
			files = (
			);
			runOnlyForDeploymentPostprocessing = 0;
		};
		762FB86F1A25E64600F68BC8 /* Frameworks */ = {
			isa = PBXFrameworksBuildPhase;
			buildActionMask = 2147483647;
			files = (
			);
			runOnlyForDeploymentPostprocessing = 0;
		};
/* End PBXFrameworksBuildPhase section */

/* Begin PBXGroup section */
		762FB84D1A25E64600F68BC8 = {
			isa = PBXGroup;
			children = (
				762FB8581A25E64600F68BC8 /* redbull */,
				762FB8751A25E64600F68BC8 /* redbullTests */,
				762FB8571A25E64600F68BC8 /* Products */,
			);
			sourceTree = "<group>";
		};
		762FB8571A25E64600F68BC8 /* Products */ = {
			isa = PBXGroup;
			children = (
				762FB8561A25E64600F68BC8 /* redbull.app */,
				762FB8721A25E64600F68BC8 /* redbullTests.xctest */,
			);
			name = Products;
			sourceTree = "<group>";
		};
		762FB8581A25E64600F68BC8 /* redbull */ = {
			isa = PBXGroup;
			children = (
				7677CA091A26E8CE005675F0 /* Model */,
				7677CA0A1A26E8D7005675F0 /* View */,
				7677CA0B1A26E8DD005675F0 /* Control */,
				763F314B1A2C0F5C004CE6AE /* Access */,
				7677CA701A285467005675F0 /* Tools */,
				762FB8591A25E64600F68BC8 /* Supporting Files */,
			);
			path = redbull;
			sourceTree = "<group>";
		};
		762FB8591A25E64600F68BC8 /* Supporting Files */ = {
			isa = PBXGroup;
			children = (
				762FB8661A25E64600F68BC8 /* Main.storyboard */,
				762FB86B1A25E64600F68BC8 /* LaunchScreen.xib */,
				762FB8691A25E64600F68BC8 /* Images.xcassets */,
				762FB8601A25E64600F68BC8 /* redbull.xcdatamodeld */,
				762FB85A1A25E64600F68BC8 /* Info.plist */,
				762FB85B1A25E64600F68BC8 /* main.m */,
				7677CA021A25F65B005675F0 /* PrefixHeader.pch */,
			);
			name = "Supporting Files";
			sourceTree = "<group>";
		};
		762FB8751A25E64600F68BC8 /* redbullTests */ = {
			isa = PBXGroup;
			children = (
				762FB8781A25E64600F68BC8 /* redbullTests.m */,
				762FB8761A25E64600F68BC8 /* Supporting Files */,
			);
			path = redbullTests;
			sourceTree = "<group>";
		};
		762FB8761A25E64600F68BC8 /* Supporting Files */ = {
			isa = PBXGroup;
			children = (
				762FB8771A25E64600F68BC8 /* Info.plist */,
			);
			name = "Supporting Files";
			sourceTree = "<group>";
		};
		763F314B1A2C0F5C004CE6AE /* Access */ = {
			isa = PBXGroup;
			children = (
				762FB85D1A25E64600F68BC8 /* AppDelegate.h */,
				762FB85E1A25E64600F68BC8 /* AppDelegate.m */,
				762FB8631A25E64600F68BC8 /* ViewController.h */,
				762FB8641A25E64600F68BC8 /* ViewController.m */,
			);
			name = Access;
			sourceTree = "<group>";
		};
		7677CA091A26E8CE005675F0 /* Model */ = {
			isa = PBXGroup;
			children = (
				7677CA381A270EC4005675F0 /* Constant.h */,
				7677CA391A270EC4005675F0 /* Constant.m */,
			);
			name = Model;
			sourceTree = "<group>";
		};
		7677CA0A1A26E8D7005675F0 /* View */ = {
			isa = PBXGroup;
			children = (
				7677CA0C1A26F997005675F0 /* GGTabBar */,
			);
			name = View;
			sourceTree = "<group>";
		};
		7677CA0B1A26E8DD005675F0 /* Control */ = {
			isa = PBXGroup;
			children = (
				7677CA231A2703A2005675F0 /* FirstViewController.h */,
				7677CA241A2703A2005675F0 /* FirstViewController.m */,
				7677CA251A2703A2005675F0 /* FirstViewController.xib */,
				7677CA281A2703BC005675F0 /* AskAnswerViewController.h */,
				7677CA291A2703BC005675F0 /* AskAnswerViewController.m */,
				7677CA2A1A2703BC005675F0 /* AskAnswerViewController.xib */,
				7677CA2D1A2703CF005675F0 /* ExchangeViewController.h */,
				7677CA2E1A2703CF005675F0 /* ExchangeViewController.m */,
				7677CA2F1A2703CF005675F0 /* ExchangeViewController.xib */,
				7677CA321A2703E2005675F0 /* TurnTableViewController.h */,
				7677CA331A2703E2005675F0 /* TurnTableViewController.m */,
				7677CA341A2703E2005675F0 /* TurnTableViewController.xib */,
			);
			name = Control;
			sourceTree = "<group>";
		};
		7677CA0C1A26F997005675F0 /* GGTabBar */ = {
			isa = PBXGroup;
			children = (
				7677CA0D1A26F997005675F0 /* GGTabBar-Private.h */,
				7677CA0E1A26F997005675F0 /* GGTabBar.h */,
				7677CA0F1A26F997005675F0 /* GGTabBar.m */,
				7677CA101A26F997005675F0 /* GGTabBarAppearanceKeys.h */,
				7677CA111A26F997005675F0 /* GGTabBarAppearanceKeys.m */,
				7677CA121A26F997005675F0 /* GGTabBarController.h */,
				7677CA131A26F997005675F0 /* GGTabBarController.m */,
			);
			path = GGTabBar;
			sourceTree = "<group>";
		};
		7677CA701A285467005675F0 /* Tools */ = {
			isa = PBXGroup;
			children = (
				7677CA711A285646005675F0 /* Reachability.h */,
				7677CA721A285646005675F0 /* Reachability.m */,
			);
			name = Tools;
			sourceTree = "<group>";
		};
/* End PBXGroup section */

/* Begin PBXNativeTarget section */
		762FB8551A25E64600F68BC8 /* redbull */ = {
			isa = PBXNativeTarget;
			buildConfigurationList = 762FB87C1A25E64600F68BC8 /* Build configuration list for PBXNativeTarget "redbull" */;
			buildPhases = (
				762FB8521A25E64600F68BC8 /* Sources */,
				762FB8531A25E64600F68BC8 /* Frameworks */,
				762FB8541A25E64600F68BC8 /* Resources */,
			);
			buildRules = (
			);
			dependencies = (
			);
			name = redbull;
			productName = redbull;
			productReference = 762FB8561A25E64600F68BC8 /* redbull.app */;
			productType = "com.apple.product-type.application";
		};
		762FB8711A25E64600F68BC8 /* redbullTests */ = {
			isa = PBXNativeTarget;
			buildConfigurationList = 762FB87F1A25E64600F68BC8 /* Build configuration list for PBXNativeTarget "redbullTests" */;
			buildPhases = (
				762FB86E1A25E64600F68BC8 /* Sources */,
				762FB86F1A25E64600F68BC8 /* Frameworks */,
				762FB8701A25E64600F68BC8 /* Resources */,
			);
			buildRules = (
			);
			dependencies = (
				762FB8741A25E64600F68BC8 /* PBXTargetDependency */,
			);
			name = redbullTests;
			productName = redbullTests;
			productReference = 762FB8721A25E64600F68BC8 /* redbullTests.xctest */;
			productType = "com.apple.product-type.bundle.unit-test";
		};
/* End PBXNativeTarget section */

/* Begin PBXProject section */
		762FB84E1A25E64600F68BC8 /* Project object */ = {
			isa = PBXProject;
			attributes = {
				LastUpgradeCheck = 0610;
				ORGANIZATIONNAME = "Xin Qin";
				TargetAttributes = {
					762FB8551A25E64600F68BC8 = {
						CreatedOnToolsVersion = 6.1;
						DevelopmentTeam = F9CR2NGCY7;
					};
					762FB8711A25E64600F68BC8 = {
						CreatedOnToolsVersion = 6.1;
						TestTargetID = 762FB8551A25E64600F68BC8;
					};
				};
			};
			buildConfigurationList = 762FB8511A25E64600F68BC8 /* Build configuration list for PBXProject "redbull" */;
			compatibilityVersion = "Xcode 3.2";
			developmentRegion = English;
			hasScannedForEncodings = 0;
			knownRegions = (
				en,
				Base,
			);
			mainGroup = 762FB84D1A25E64600F68BC8;
			productRefGroup = 762FB8571A25E64600F68BC8 /* Products */;
			projectDirPath = "";
			projectRoot = "";
			targets = (
				762FB8551A25E64600F68BC8 /* redbull */,
				762FB8711A25E64600F68BC8 /* redbullTests */,
			);
		};
/* End PBXProject section */

/* Begin PBXResourcesBuildPhase section */
		762FB8541A25E64600F68BC8 /* Resources */ = {
			isa = PBXResourcesBuildPhase;
			buildActionMask = 2147483647;
			files = (
				7677CA361A2703E2005675F0 /* TurnTableViewController.xib in Resources */,
				762FB8681A25E64600F68BC8 /* Main.storyboard in Resources */,
				7677CA2C1A2703BC005675F0 /* AskAnswerViewController.xib in Resources */,
				762FB86D1A25E64600F68BC8 /* LaunchScreen.xib in Resources */,
				762FB86A1A25E64600F68BC8 /* Images.xcassets in Resources */,
				7677CA271A2703A2005675F0 /* FirstViewController.xib in Resources */,
				7677CA311A2703CF005675F0 /* ExchangeViewController.xib in Resources */,
			);
			runOnlyForDeploymentPostprocessing = 0;
		};
		762FB8701A25E64600F68BC8 /* Resources */ = {
			isa = PBXResourcesBuildPhase;
			buildActionMask = 2147483647;
			files = (
			);
			runOnlyForDeploymentPostprocessing = 0;
		};
/* End PBXResourcesBuildPhase section */

/* Begin PBXSourcesBuildPhase section */
		762FB8521A25E64600F68BC8 /* Sources */ = {
			isa = PBXSourcesBuildPhase;
			buildActionMask = 2147483647;
			files = (
				7677CA351A2703E2005675F0 /* TurnTableViewController.m in Sources */,
				762FB85F1A25E64600F68BC8 /* AppDelegate.m in Sources */,
				7677CA261A2703A2005675F0 /* FirstViewController.m in Sources */,
				7677CA151A26F997005675F0 /* GGTabBarAppearanceKeys.m in Sources */,
				7677CA161A26F997005675F0 /* GGTabBarController.m in Sources */,
				7677CA3A1A270EC4005675F0 /* Constant.m in Sources */,
				762FB85C1A25E64600F68BC8 /* main.m in Sources */,
				762FB8651A25E64600F68BC8 /* ViewController.m in Sources */,
				7677CA2B1A2703BC005675F0 /* AskAnswerViewController.m in Sources */,
				762FB8621A25E64600F68BC8 /* redbull.xcdatamodeld in Sources */,
				7677CA731A285646005675F0 /* Reachability.m in Sources */,
				7677CA141A26F997005675F0 /* GGTabBar.m in Sources */,
				7677CA301A2703CF005675F0 /* ExchangeViewController.m in Sources */,
			);
			runOnlyForDeploymentPostprocessing = 0;
		};
		762FB86E1A25E64600F68BC8 /* Sources */ = {
			isa = PBXSourcesBuildPhase;
			buildActionMask = 2147483647;
			files = (
				762FB8791A25E64600F68BC8 /* redbullTests.m in Sources */,
			);
			runOnlyForDeploymentPostprocessing = 0;
		};
/* End PBXSourcesBuildPhase section */

/* Begin PBXTargetDependency section */
		762FB8741A25E64600F68BC8 /* PBXTargetDependency */ = {
			isa = PBXTargetDependency;
			target = 762FB8551A25E64600F68BC8 /* redbull */;
			targetProxy = 762FB8731A25E64600F68BC8 /* PBXContainerItemProxy */;
		};
/* End PBXTargetDependency section */

/* Begin PBXVariantGroup section */
		762FB8661A25E64600F68BC8 /* Main.storyboard */ = {
			isa = PBXVariantGroup;
			children = (
				762FB8671A25E64600F68BC8 /* Base */,
			);
			name = Main.storyboard;
			sourceTree = "<group>";
		};
		762FB86B1A25E64600F68BC8 /* LaunchScreen.xib */ = {
			isa = PBXVariantGroup;
			children = (
				762FB86C1A25E64600F68BC8 /* Base */,
			);
			name = LaunchScreen.xib;
			sourceTree = "<group>";
		};
/* End PBXVariantGroup section */

/* Begin XCBuildConfiguration section */
		762FB87A1A25E64600F68BC8 /* Debug */ = {
			isa = XCBuildConfiguration;
			buildSettings = {
				ALWAYS_SEARCH_USER_PATHS = NO;
				CLANG_CXX_LANGUAGE_STANDARD = "gnu++0x";
				CLANG_CXX_LIBRARY = "libc++";
				CLANG_ENABLE_MODULES = YES;
				CLANG_ENABLE_OBJC_ARC = YES;
				CLANG_WARN_BOOL_CONVERSION = YES;
				CLANG_WARN_CONSTANT_CONVERSION = YES;
				CLANG_WARN_DIRECT_OBJC_ISA_USAGE = YES_ERROR;
				CLANG_WARN_EMPTY_BODY = YES;
				CLANG_WARN_ENUM_CONVERSION = YES;
				CLANG_WARN_INT_CONVERSION = YES;
				CLANG_WARN_OBJC_ROOT_CLASS = YES_ERROR;
				CLANG_WARN_UNREACHABLE_CODE = YES;
				CLANG_WARN__DUPLICATE_METHOD_MATCH = YES;
				"CODE_SIGN_IDENTITY[sdk=iphoneos*]" = "iPhone Developer";
				COPY_PHASE_STRIP = NO;
				ENABLE_STRICT_OBJC_MSGSEND = YES;
				GCC_C_LANGUAGE_STANDARD = gnu99;
				GCC_DYNAMIC_NO_PIC = NO;
				GCC_OPTIMIZATION_LEVEL = 0;
				GCC_PREPROCESSOR_DEFINITIONS = (
					"DEBUG=1",
					"$(inherited)",
				);
				GCC_SYMBOLS_PRIVATE_EXTERN = NO;
				GCC_WARN_64_TO_32_BIT_CONVERSION = YES;
				GCC_WARN_ABOUT_RETURN_TYPE = YES_ERROR;
				GCC_WARN_UNDECLARED_SELECTOR = YES;
				GCC_WARN_UNINITIALIZED_AUTOS = YES_AGGRESSIVE;
				GCC_WARN_UNUSED_FUNCTION = YES;
				GCC_WARN_UNUSED_VARIABLE = YES;
				IPHONEOS_DEPLOYMENT_TARGET = 8.1;
				MTL_ENABLE_DEBUG_INFO = YES;
				ONLY_ACTIVE_ARCH = YES;
				SDKROOT = iphoneos;
			};
			name = Debug;
		};
		762FB87B1A25E64600F68BC8 /* Release */ = {
			isa = XCBuildConfiguration;
			buildSettings = {
				ALWAYS_SEARCH_USER_PATHS = NO;
				CLANG_CXX_LANGUAGE_STANDARD = "gnu++0x";
				CLANG_CXX_LIBRARY = "libc++";
				CLANG_ENABLE_MODULES = YES;
				CLANG_ENABLE_OBJC_ARC = YES;
				CLANG_WARN_BOOL_CONVERSION = YES;
				CLANG_WARN_CONSTANT_CONVERSION = YES;
				CLANG_WARN_DIRECT_OBJC_ISA_USAGE = YES_ERROR;
				CLANG_WARN_EMPTY_BODY = YES;
				CLANG_WARN_ENUM_CONVERSION = YES;
				CLANG_WARN_INT_CONVERSION = YES;
				CLANG_WARN_OBJC_ROOT_CLASS = YES_ERROR;
				CLANG_WARN_UNREACHABLE_CODE = YES;
				CLANG_WARN__DUPLICATE_METHOD_MATCH = YES;
				"CODE_SIGN_IDENTITY[sdk=iphoneos*]" = "iPhone Developer";
				COPY_PHASE_STRIP = YES;
				ENABLE_NS_ASSERTIONS = NO;
				ENABLE_STRICT_OBJC_MSGSEND = YES;
				GCC_C_LANGUAGE_STANDARD = gnu99;
				GCC_WARN_64_TO_32_BIT_CONVERSION = YES;
				GCC_WARN_ABOUT_RETURN_TYPE = YES_ERROR;
				GCC_WARN_UNDECLARED_SELECTOR = YES;
				GCC_WARN_UNINITIALIZED_AUTOS = YES_AGGRESSIVE;
				GCC_WARN_UNUSED_FUNCTION = YES;
				GCC_WARN_UNUSED_VARIABLE = YES;
				IPHONEOS_DEPLOYMENT_TARGET = 8.1;
				MTL_ENABLE_DEBUG_INFO = NO;
				SDKROOT = iphoneos;
				VALIDATE_PRODUCT = YES;
			};
			name = Release;
		};
		762FB87D1A25E64600F68BC8 /* Debug */ = {
			isa = XCBuildConfiguration;
			buildSettings = {
				ASSETCATALOG_COMPILER_APPICON_NAME = AppIcon;
				ASSETCATALOG_COMPILER_LAUNCHIMAGE_NAME = LaunchImage;
				CODE_SIGN_IDENTITY = "iPhone Developer: Wenyue Bao (J7P4MV2B4B)";
				GCC_PREFIX_HEADER = "$(SRCROOT)/redbull/PrefixHeader.pch";
				INFOPLIST_FILE = redbull/Info.plist;
				IPHONEOS_DEPLOYMENT_TARGET = 7.0;
				LD_RUNPATH_SEARCH_PATHS = "$(inherited) @executable_path/Frameworks";
				PRODUCT_NAME = "$(TARGET_NAME)";
				PROVISIONING_PROFILE = "97cb7d1f-207b-47ed-bcc8-350158e4d4e2";
			};
			name = Debug;
		};
		762FB87E1A25E64600F68BC8 /* Release */ = {
			isa = XCBuildConfiguration;
			buildSettings = {
				ASSETCATALOG_COMPILER_APPICON_NAME = AppIcon;
				ASSETCATALOG_COMPILER_LAUNCHIMAGE_NAME = LaunchImage;
				CODE_SIGN_IDENTITY = "iPhone Developer: Wenyue Bao (J7P4MV2B4B)";
				GCC_PREFIX_HEADER = "$(SRCROOT)/redbull/PrefixHeader.pch";
				INFOPLIST_FILE = redbull/Info.plist;
				IPHONEOS_DEPLOYMENT_TARGET = 7.0;
				LD_RUNPATH_SEARCH_PATHS = "$(inherited) @executable_path/Frameworks";
				PRODUCT_NAME = "$(TARGET_NAME)";
				PROVISIONING_PROFILE = "97cb7d1f-207b-47ed-bcc8-350158e4d4e2";
			};
			name = Release;
		};
		762FB8801A25E64600F68BC8 /* Debug */ = {
			isa = XCBuildConfiguration;
			buildSettings = {
				BUNDLE_LOADER = "$(TEST_HOST)";
				FRAMEWORK_SEARCH_PATHS = (
					"$(SDKROOT)/Developer/Library/Frameworks",
					"$(inherited)",
				);
				GCC_PREPROCESSOR_DEFINITIONS = (
					"DEBUG=1",
					"$(inherited)",
				);
				INFOPLIST_FILE = redbullTests/Info.plist;
				LD_RUNPATH_SEARCH_PATHS = "$(inherited) @executable_path/Frameworks @loader_path/Frameworks";
				PRODUCT_NAME = "$(TARGET_NAME)";
				TEST_HOST = "$(BUILT_PRODUCTS_DIR)/redbull.app/redbull";
			};
			name = Debug;
		};
		762FB8811A25E64600F68BC8 /* Release */ = {
			isa = XCBuildConfiguration;
			buildSettings = {
				BUNDLE_LOADER = "$(TEST_HOST)";
				FRAMEWORK_SEARCH_PATHS = (
					"$(SDKROOT)/Developer/Library/Frameworks",
					"$(inherited)",
				);
				INFOPLIST_FILE = redbullTests/Info.plist;
				LD_RUNPATH_SEARCH_PATHS = "$(inherited) @executable_path/Frameworks @loader_path/Frameworks";
				PRODUCT_NAME = "$(TARGET_NAME)";
				TEST_HOST = "$(BUILT_PRODUCTS_DIR)/redbull.app/redbull";
			};
			name = Release;
		};
/* End XCBuildConfiguration section */

/* Begin XCConfigurationList section */
		762FB8511A25E64600F68BC8 /* Build configuration list for PBXProject "redbull" */ = {
			isa = XCConfigurationList;
			buildConfigurations = (
				762FB87A1A25E64600F68BC8 /* Debug */,
				762FB87B1A25E64600F68BC8 /* Release */,
			);
			defaultConfigurationIsVisible = 0;
			defaultConfigurationName = Release;
		};
		762FB87C1A25E64600F68BC8 /* Build configuration list for PBXNativeTarget "redbull" */ = {
			isa = XCConfigurationList;
			buildConfigurations = (
				762FB87D1A25E64600F68BC8 /* Debug */,
				762FB87E1A25E64600F68BC8 /* Release */,
			);
			defaultConfigurationIsVisible = 0;
			defaultConfigurationName = Release;
		};
		762FB87F1A25E64600F68BC8 /* Build configuration list for PBXNativeTarget "redbullTests" */ = {
			isa = XCConfigurationList;
			buildConfigurations = (
				762FB8801A25E64600F68BC8 /* Debug */,
				762FB8811A25E64600F68BC8 /* Release */,
			);
			defaultConfigurationIsVisible = 0;
			defaultConfigurationName = Release;
		};
/* End XCConfigurationList section */

/* Begin XCVersionGroup section */
		762FB8601A25E64600F68BC8 /* redbull.xcdatamodeld */ = {
			isa = XCVersionGroup;
			children = (
				762FB8611A25E64600F68BC8 /* redbull.xcdatamodel */,
			);
			currentVersion = 762FB8611A25E64600F68BC8 /* redbull.xcdatamodel */;
			path = redbull.xcdatamodeld;
			sourceTree = "<group>";
			versionGroupType = wrapper.xcdatamodel;
		};
/* End XCVersionGroup section */
	};
	rootObject = 762FB84E1A25E64600F68BC8 /* Project object */;
}
