// !$*UTF8*$!
{
	archiveVersion = 1;
	classes = {
	};
	objectVersion = 46;
	objects = {

/* Begin PBXBuildFile section */
		30E5F3A01A32D2D1002384AA /* BRWebView.m in Sources */ = {isa = PBXBuildFile; fileRef = 30E5F39F1A32D2D1002384AA /* BRWebView.m */; };
		30E5F3A31A3373F2002384AA /* BRTabViewController.m in Sources */ = {isa = PBXBuildFile; fileRef = 30E5F3A21A3373F2002384AA /* BRTabViewController.m */; };
		4BBDAB7F1A2D8E2E00DEF6FB /* AFHTTPClient.m in Sources */ = {isa = PBXBuildFile; fileRef = 4BBDAB6D1A2D8E2E00DEF6FB /* AFHTTPClient.m */; };
		4BBDAB801A2D8E2E00DEF6FB /* AFHTTPRequestOperation.m in Sources */ = {isa = PBXBuildFile; fileRef = 4BBDAB6F1A2D8E2E00DEF6FB /* AFHTTPRequestOperation.m */; };
		4BBDAB811A2D8E2E00DEF6FB /* AFImageRequestOperation.m in Sources */ = {isa = PBXBuildFile; fileRef = 4BBDAB711A2D8E2E00DEF6FB /* AFImageRequestOperation.m */; };
		4BBDAB821A2D8E2E00DEF6FB /* AFJSONRequestOperation.m in Sources */ = {isa = PBXBuildFile; fileRef = 4BBDAB731A2D8E2E00DEF6FB /* AFJSONRequestOperation.m */; };
		4BBDAB831A2D8E2E00DEF6FB /* AFNetworkActivityIndicatorManager.m in Sources */ = {isa = PBXBuildFile; fileRef = 4BBDAB751A2D8E2E00DEF6FB /* AFNetworkActivityIndicatorManager.m */; };
		4BBDAB841A2D8E2E00DEF6FB /* AFPropertyListRequestOperation.m in Sources */ = {isa = PBXBuildFile; fileRef = 4BBDAB781A2D8E2E00DEF6FB /* AFPropertyListRequestOperation.m */; };
		4BBDAB851A2D8E2E00DEF6FB /* AFURLConnectionOperation.m in Sources */ = {isa = PBXBuildFile; fileRef = 4BBDAB7A1A2D8E2E00DEF6FB /* AFURLConnectionOperation.m */; };
		4BBDAB861A2D8E2E00DEF6FB /* AFXMLRequestOperation.m in Sources */ = {isa = PBXBuildFile; fileRef = 4BBDAB7C1A2D8E2E00DEF6FB /* AFXMLRequestOperation.m */; };
		4BBDAB871A2D8E2E00DEF6FB /* UIImageView+AFNetworking.m in Sources */ = {isa = PBXBuildFile; fileRef = 4BBDAB7E1A2D8E2E00DEF6FB /* UIImageView+AFNetworking.m */; };
		4BBDAB9E1A2D8E3A00DEF6FB /* SBJsonParser.m in Sources */ = {isa = PBXBuildFile; fileRef = 4BBDAB8B1A2D8E3A00DEF6FB /* SBJsonParser.m */; };
		4BBDAB9F1A2D8E3A00DEF6FB /* SBJsonStreamParser.m in Sources */ = {isa = PBXBuildFile; fileRef = 4BBDAB8D1A2D8E3A00DEF6FB /* SBJsonStreamParser.m */; };
		4BBDABA01A2D8E3A00DEF6FB /* SBJsonStreamParserAccumulator.m in Sources */ = {isa = PBXBuildFile; fileRef = 4BBDAB8F1A2D8E3A00DEF6FB /* SBJsonStreamParserAccumulator.m */; };
		4BBDABA11A2D8E3A00DEF6FB /* SBJsonStreamParserAdapter.m in Sources */ = {isa = PBXBuildFile; fileRef = 4BBDAB911A2D8E3A00DEF6FB /* SBJsonStreamParserAdapter.m */; };
		4BBDABA21A2D8E3A00DEF6FB /* SBJsonStreamParserState.m in Sources */ = {isa = PBXBuildFile; fileRef = 4BBDAB931A2D8E3A00DEF6FB /* SBJsonStreamParserState.m */; };
		4BBDABA31A2D8E3A00DEF6FB /* SBJsonStreamTokeniser.m in Sources */ = {isa = PBXBuildFile; fileRef = 4BBDAB951A2D8E3A00DEF6FB /* SBJsonStreamTokeniser.m */; };
		4BBDABA41A2D8E3A00DEF6FB /* SBJsonStreamWriter.m in Sources */ = {isa = PBXBuildFile; fileRef = 4BBDAB971A2D8E3A00DEF6FB /* SBJsonStreamWriter.m */; };
		4BBDABA51A2D8E3A00DEF6FB /* SBJsonStreamWriterAccumulator.m in Sources */ = {isa = PBXBuildFile; fileRef = 4BBDAB991A2D8E3A00DEF6FB /* SBJsonStreamWriterAccumulator.m */; };
		4BBDABA61A2D8E3A00DEF6FB /* SBJsonStreamWriterState.m in Sources */ = {isa = PBXBuildFile; fileRef = 4BBDAB9B1A2D8E3A00DEF6FB /* SBJsonStreamWriterState.m */; };
		4BBDABA71A2D8E3A00DEF6FB /* SBJsonWriter.m in Sources */ = {isa = PBXBuildFile; fileRef = 4BBDAB9D1A2D8E3A00DEF6FB /* SBJsonWriter.m */; };
		4BC900581A2C524000A1B24B /* LoginViewController.m in Sources */ = {isa = PBXBuildFile; fileRef = 4BC900571A2C524000A1B24B /* LoginViewController.m */; };
		4BC9005B1A2C539C00A1B24B /* UIViewExt.m in Sources */ = {isa = PBXBuildFile; fileRef = 4BC9005A1A2C539C00A1B24B /* UIViewExt.m */; };
		4BC900601A2C592A00A1B24B /* UIKeyboardView.m in Sources */ = {isa = PBXBuildFile; fileRef = 4BC9005D1A2C592A00A1B24B /* UIKeyboardView.m */; settings = {COMPILER_FLAGS = "-fno-objc-arc"; }; };
		4BC900611A2C592A00A1B24B /* UIKeyboardViewController.m in Sources */ = {isa = PBXBuildFile; fileRef = 4BC9005F1A2C592A00A1B24B /* UIKeyboardViewController.m */; settings = {COMPILER_FLAGS = "-fno-objc-arc"; }; };
		762FB85C1A25E64600F68BC8 /* main.m in Sources */ = {isa = PBXBuildFile; fileRef = 762FB85B1A25E64600F68BC8 /* main.m */; };
		762FB85F1A25E64600F68BC8 /* AppDelegate.m in Sources */ = {isa = PBXBuildFile; fileRef = 762FB85E1A25E64600F68BC8 /* AppDelegate.m */; };
		762FB8621A25E64600F68BC8 /* redbull.xcdatamodeld in Sources */ = {isa = PBXBuildFile; fileRef = 762FB8601A25E64600F68BC8 /* redbull.xcdatamodeld */; };
		762FB8651A25E64600F68BC8 /* ViewController.m in Sources */ = {isa = PBXBuildFile; fileRef = 762FB8641A25E64600F68BC8 /* ViewController.m */; };
		762FB8681A25E64600F68BC8 /* Main.storyboard in Resources */ = {isa = PBXBuildFile; fileRef = 762FB8661A25E64600F68BC8 /* Main.storyboard */; };
		762FB86A1A25E64600F68BC8 /* Images.xcassets in Resources */ = {isa = PBXBuildFile; fileRef = 762FB8691A25E64600F68BC8 /* Images.xcassets */; };
		762FB86D1A25E64600F68BC8 /* LaunchScreen.xib in Resources */ = {isa = PBXBuildFile; fileRef = 762FB86B1A25E64600F68BC8 /* LaunchScreen.xib */; };
		762FB8791A25E64600F68BC8 /* redbullTests.m in Sources */ = {isa = PBXBuildFile; fileRef = 762FB8781A25E64600F68BC8 /* redbullTests.m */; };
		763F31571A2C56E1004CE6AE /* Navbar.m in Sources */ = {isa = PBXBuildFile; fileRef = 763F31561A2C56E1004CE6AE /* Navbar.m */; };
		765E00591A2FEDB600DCCC86 /* PersonalDetailViewController.m in Sources */ = {isa = PBXBuildFile; fileRef = 765E00571A2FEDB600DCCC86 /* PersonalDetailViewController.m */; };
		765E005A1A2FEDB600DCCC86 /* PersonalDetailViewController.xib in Resources */ = {isa = PBXBuildFile; fileRef = 765E00581A2FEDB600DCCC86 /* PersonalDetailViewController.xib */; };
		765E00601A3158A300DCCC86 /* EAIntroPage.m in Sources */ = {isa = PBXBuildFile; fileRef = 765E005D1A3158A300DCCC86 /* EAIntroPage.m */; };
		765E00611A3158A300DCCC86 /* EAIntroView.m in Sources */ = {isa = PBXBuildFile; fileRef = 765E005F1A3158A300DCCC86 /* EAIntroView.m */; };
		765E00691A317A0D00DCCC86 /* CircleView.m in Sources */ = {isa = PBXBuildFile; fileRef = 765E00681A317A0D00DCCC86 /* CircleView.m */; };
		765E00A01A32D82400DCCC86 /* ShareDetailViewController.m in Sources */ = {isa = PBXBuildFile; fileRef = 765E009E1A32D82400DCCC86 /* ShareDetailViewController.m */; };
		765E00A11A32D82400DCCC86 /* ShareDetailViewController.xib in Resources */ = {isa = PBXBuildFile; fileRef = 765E009F1A32D82400DCCC86 /* ShareDetailViewController.xib */; };
		765E00A61A3309B600DCCC86 /* RegisterViewController.m in Sources */ = {isa = PBXBuildFile; fileRef = 765E00A41A3309B600DCCC86 /* RegisterViewController.m */; };
		765E00A71A3309B600DCCC86 /* RegisterViewController.xib in Resources */ = {isa = PBXBuildFile; fileRef = 765E00A51A3309B600DCCC86 /* RegisterViewController.xib */; };
		765EFFD51A2DE4C200DCCC86 /* LeftViewController.m in Sources */ = {isa = PBXBuildFile; fileRef = 765EFFD31A2DE4C200DCCC86 /* LeftViewController.m */; };
		765EFFD61A2DE4C200DCCC86 /* LeftViewController.xib in Resources */ = {isa = PBXBuildFile; fileRef = 765EFFD41A2DE4C200DCCC86 /* LeftViewController.xib */; };
		765EFFDA1A2DE4D600DCCC86 /* RightViewController.m in Sources */ = {isa = PBXBuildFile; fileRef = 765EFFD81A2DE4D600DCCC86 /* RightViewController.m */; };
		765EFFDB1A2DE4D600DCCC86 /* RightViewController.xib in Resources */ = {isa = PBXBuildFile; fileRef = 765EFFD91A2DE4D600DCCC86 /* RightViewController.xib */; };
		765EFFE61A2ED2BC00DCCC86 /* DDMenuController.m in Sources */ = {isa = PBXBuildFile; fileRef = 765EFFE51A2ED2BC00DCCC86 /* DDMenuController.m */; };
		7677CA141A26F997005675F0 /* GGTabBar.m in Sources */ = {isa = PBXBuildFile; fileRef = 7677CA0F1A26F997005675F0 /* GGTabBar.m */; };
		7677CA151A26F997005675F0 /* GGTabBarAppearanceKeys.m in Sources */ = {isa = PBXBuildFile; fileRef = 7677CA111A26F997005675F0 /* GGTabBarAppearanceKeys.m */; };
		7677CA161A26F997005675F0 /* GGTabBarController.m in Sources */ = {isa = PBXBuildFile; fileRef = 7677CA131A26F997005675F0 /* GGTabBarController.m */; };
		7677CA261A2703A2005675F0 /* FirstViewController.m in Sources */ = {isa = PBXBuildFile; fileRef = 7677CA241A2703A2005675F0 /* FirstViewController.m */; };
		7677CA271A2703A2005675F0 /* FirstViewController.xib in Resources */ = {isa = PBXBuildFile; fileRef = 7677CA251A2703A2005675F0 /* FirstViewController.xib */; };
		7677CA301A2703CF005675F0 /* ExchangeViewController.m in Sources */ = {isa = PBXBuildFile; fileRef = 7677CA2E1A2703CF005675F0 /* ExchangeViewController.m */; };
		7677CA311A2703CF005675F0 /* ExchangeViewController.xib in Resources */ = {isa = PBXBuildFile; fileRef = 7677CA2F1A2703CF005675F0 /* ExchangeViewController.xib */; };
		7677CA351A2703E2005675F0 /* TurnTableViewController.m in Sources */ = {isa = PBXBuildFile; fileRef = 7677CA331A2703E2005675F0 /* TurnTableViewController.m */; };
		7677CA361A2703E2005675F0 /* TurnTableViewController.xib in Resources */ = {isa = PBXBuildFile; fileRef = 7677CA341A2703E2005675F0 /* TurnTableViewController.xib */; };
		7677CA3A1A270EC4005675F0 /* Constant.m in Sources */ = {isa = PBXBuildFile; fileRef = 7677CA391A270EC4005675F0 /* Constant.m */; };
		7677CA731A285646005675F0 /* Reachability.m in Sources */ = {isa = PBXBuildFile; fileRef = 7677CA721A285646005675F0 /* Reachability.m */; };
		76A300C81A2C76C80067F1A5 /* AskAnswerViewController.m in Sources */ = {isa = PBXBuildFile; fileRef = 76A300C61A2C76C80067F1A5 /* AskAnswerViewController.m */; };
		76A300C91A2C76C80067F1A5 /* AskAnswerViewController.xib in Resources */ = {isa = PBXBuildFile; fileRef = 76A300C71A2C76C80067F1A5 /* AskAnswerViewController.xib */; };
/* End PBXBuildFile section */

/* Begin PBXContainerItemProxy section */
		762FB8731A25E64600F68BC8 /* PBXContainerItemProxy */ = {
			isa = PBXContainerItemProxy;
			containerPortal = 762FB84E1A25E64600F68BC8 /* Project object */;
			proxyType = 1;
			remoteGlobalIDString = 762FB8551A25E64600F68BC8;
			remoteInfo = redbull;
		};
/* End PBXContainerItemProxy section */

/* Begin PBXFileReference section */
		30E5F39E1A32D2D1002384AA /* BRWebView.h */ = {isa = PBXFileReference; fileEncoding = 4; lastKnownFileType = sourcecode.c.h; path = BRWebView.h; sourceTree = "<group>"; };
		30E5F39F1A32D2D1002384AA /* BRWebView.m */ = {isa = PBXFileReference; fileEncoding = 4; lastKnownFileType = sourcecode.c.objc; path = BRWebView.m; sourceTree = "<group>"; };
		30E5F3A11A3373F2002384AA /* BRTabViewController.h */ = {isa = PBXFileReference; fileEncoding = 4; lastKnownFileType = sourcecode.c.h; path = BRTabViewController.h; sourceTree = "<group>"; };
		30E5F3A21A3373F2002384AA /* BRTabViewController.m */ = {isa = PBXFileReference; fileEncoding = 4; lastKnownFileType = sourcecode.c.objc; path = BRTabViewController.m; sourceTree = "<group>"; };
		4BBDAB6C1A2D8E2E00DEF6FB /* AFHTTPClient.h */ = {isa = PBXFileReference; fileEncoding = 4; lastKnownFileType = sourcecode.c.h; path = AFHTTPClient.h; sourceTree = "<group>"; };
		4BBDAB6D1A2D8E2E00DEF6FB /* AFHTTPClient.m */ = {isa = PBXFileReference; fileEncoding = 4; lastKnownFileType = sourcecode.c.objc; path = AFHTTPClient.m; sourceTree = "<group>"; };
		4BBDAB6E1A2D8E2E00DEF6FB /* AFHTTPRequestOperation.h */ = {isa = PBXFileReference; fileEncoding = 4; lastKnownFileType = sourcecode.c.h; path = AFHTTPRequestOperation.h; sourceTree = "<group>"; };
		4BBDAB6F1A2D8E2E00DEF6FB /* AFHTTPRequestOperation.m */ = {isa = PBXFileReference; fileEncoding = 4; lastKnownFileType = sourcecode.c.objc; path = AFHTTPRequestOperation.m; sourceTree = "<group>"; };
		4BBDAB701A2D8E2E00DEF6FB /* AFImageRequestOperation.h */ = {isa = PBXFileReference; fileEncoding = 4; lastKnownFileType = sourcecode.c.h; path = AFImageRequestOperation.h; sourceTree = "<group>"; };
		4BBDAB711A2D8E2E00DEF6FB /* AFImageRequestOperation.m */ = {isa = PBXFileReference; fileEncoding = 4; lastKnownFileType = sourcecode.c.objc; path = AFImageRequestOperation.m; sourceTree = "<group>"; };
		4BBDAB721A2D8E2E00DEF6FB /* AFJSONRequestOperation.h */ = {isa = PBXFileReference; fileEncoding = 4; lastKnownFileType = sourcecode.c.h; path = AFJSONRequestOperation.h; sourceTree = "<group>"; };
		4BBDAB731A2D8E2E00DEF6FB /* AFJSONRequestOperation.m */ = {isa = PBXFileReference; fileEncoding = 4; lastKnownFileType = sourcecode.c.objc; path = AFJSONRequestOperation.m; sourceTree = "<group>"; };
		4BBDAB741A2D8E2E00DEF6FB /* AFNetworkActivityIndicatorManager.h */ = {isa = PBXFileReference; fileEncoding = 4; lastKnownFileType = sourcecode.c.h; path = AFNetworkActivityIndicatorManager.h; sourceTree = "<group>"; };
		4BBDAB751A2D8E2E00DEF6FB /* AFNetworkActivityIndicatorManager.m */ = {isa = PBXFileReference; fileEncoding = 4; lastKnownFileType = sourcecode.c.objc; path = AFNetworkActivityIndicatorManager.m; sourceTree = "<group>"; };
		4BBDAB761A2D8E2E00DEF6FB /* AFNetworking.h */ = {isa = PBXFileReference; fileEncoding = 4; lastKnownFileType = sourcecode.c.h; path = AFNetworking.h; sourceTree = "<group>"; };
		4BBDAB771A2D8E2E00DEF6FB /* AFPropertyListRequestOperation.h */ = {isa = PBXFileReference; fileEncoding = 4; lastKnownFileType = sourcecode.c.h; path = AFPropertyListRequestOperation.h; sourceTree = "<group>"; };
		4BBDAB781A2D8E2E00DEF6FB /* AFPropertyListRequestOperation.m */ = {isa = PBXFileReference; fileEncoding = 4; lastKnownFileType = sourcecode.c.objc; path = AFPropertyListRequestOperation.m; sourceTree = "<group>"; };
		4BBDAB791A2D8E2E00DEF6FB /* AFURLConnectionOperation.h */ = {isa = PBXFileReference; fileEncoding = 4; lastKnownFileType = sourcecode.c.h; path = AFURLConnectionOperation.h; sourceTree = "<group>"; };
		4BBDAB7A1A2D8E2E00DEF6FB /* AFURLConnectionOperation.m */ = {isa = PBXFileReference; fileEncoding = 4; lastKnownFileType = sourcecode.c.objc; path = AFURLConnectionOperation.m; sourceTree = "<group>"; };
		4BBDAB7B1A2D8E2E00DEF6FB /* AFXMLRequestOperation.h */ = {isa = PBXFileReference; fileEncoding = 4; lastKnownFileType = sourcecode.c.h; path = AFXMLRequestOperation.h; sourceTree = "<group>"; };
		4BBDAB7C1A2D8E2E00DEF6FB /* AFXMLRequestOperation.m */ = {isa = PBXFileReference; fileEncoding = 4; lastKnownFileType = sourcecode.c.objc; path = AFXMLRequestOperation.m; sourceTree = "<group>"; };
		4BBDAB7D1A2D8E2E00DEF6FB /* UIImageView+AFNetworking.h */ = {isa = PBXFileReference; fileEncoding = 4; lastKnownFileType = sourcecode.c.h; path = "UIImageView+AFNetworking.h"; sourceTree = "<group>"; };
		4BBDAB7E1A2D8E2E00DEF6FB /* UIImageView+AFNetworking.m */ = {isa = PBXFileReference; fileEncoding = 4; lastKnownFileType = sourcecode.c.objc; path = "UIImageView+AFNetworking.m"; sourceTree = "<group>"; };
		4BBDAB891A2D8E3A00DEF6FB /* SBJson.h */ = {isa = PBXFileReference; fileEncoding = 4; lastKnownFileType = sourcecode.c.h; path = SBJson.h; sourceTree = "<group>"; };
		4BBDAB8A1A2D8E3A00DEF6FB /* SBJsonParser.h */ = {isa = PBXFileReference; fileEncoding = 4; lastKnownFileType = sourcecode.c.h; path = SBJsonParser.h; sourceTree = "<group>"; };
		4BBDAB8B1A2D8E3A00DEF6FB /* SBJsonParser.m */ = {isa = PBXFileReference; fileEncoding = 4; lastKnownFileType = sourcecode.c.objc; path = SBJsonParser.m; sourceTree = "<group>"; };
		4BBDAB8C1A2D8E3A00DEF6FB /* SBJsonStreamParser.h */ = {isa = PBXFileReference; fileEncoding = 4; lastKnownFileType = sourcecode.c.h; path = SBJsonStreamParser.h; sourceTree = "<group>"; };
		4BBDAB8D1A2D8E3A00DEF6FB /* SBJsonStreamParser.m */ = {isa = PBXFileReference; fileEncoding = 4; lastKnownFileType = sourcecode.c.objc; path = SBJsonStreamParser.m; sourceTree = "<group>"; };
		4BBDAB8E1A2D8E3A00DEF6FB /* SBJsonStreamParserAccumulator.h */ = {isa = PBXFileReference; fileEncoding = 4; lastKnownFileType = sourcecode.c.h; path = SBJsonStreamParserAccumulator.h; sourceTree = "<group>"; };
		4BBDAB8F1A2D8E3A00DEF6FB /* SBJsonStreamParserAccumulator.m */ = {isa = PBXFileReference; fileEncoding = 4; lastKnownFileType = sourcecode.c.objc; path = SBJsonStreamParserAccumulator.m; sourceTree = "<group>"; };
		4BBDAB901A2D8E3A00DEF6FB /* SBJsonStreamParserAdapter.h */ = {isa = PBXFileReference; fileEncoding = 4; lastKnownFileType = sourcecode.c.h; path = SBJsonStreamParserAdapter.h; sourceTree = "<group>"; };
		4BBDAB911A2D8E3A00DEF6FB /* SBJsonStreamParserAdapter.m */ = {isa = PBXFileReference; fileEncoding = 4; lastKnownFileType = sourcecode.c.objc; path = SBJsonStreamParserAdapter.m; sourceTree = "<group>"; };
		4BBDAB921A2D8E3A00DEF6FB /* SBJsonStreamParserState.h */ = {isa = PBXFileReference; fileEncoding = 4; lastKnownFileType = sourcecode.c.h; path = SBJsonStreamParserState.h; sourceTree = "<group>"; };
		4BBDAB931A2D8E3A00DEF6FB /* SBJsonStreamParserState.m */ = {isa = PBXFileReference; fileEncoding = 4; lastKnownFileType = sourcecode.c.objc; path = SBJsonStreamParserState.m; sourceTree = "<group>"; };
		4BBDAB941A2D8E3A00DEF6FB /* SBJsonStreamTokeniser.h */ = {isa = PBXFileReference; fileEncoding = 4; lastKnownFileType = sourcecode.c.h; path = SBJsonStreamTokeniser.h; sourceTree = "<group>"; };
		4BBDAB951A2D8E3A00DEF6FB /* SBJsonStreamTokeniser.m */ = {isa = PBXFileReference; fileEncoding = 4; lastKnownFileType = sourcecode.c.objc; path = SBJsonStreamTokeniser.m; sourceTree = "<group>"; };
		4BBDAB961A2D8E3A00DEF6FB /* SBJsonStreamWriter.h */ = {isa = PBXFileReference; fileEncoding = 4; lastKnownFileType = sourcecode.c.h; path = SBJsonStreamWriter.h; sourceTree = "<group>"; };
		4BBDAB971A2D8E3A00DEF6FB /* SBJsonStreamWriter.m */ = {isa = PBXFileReference; fileEncoding = 4; lastKnownFileType = sourcecode.c.objc; path = SBJsonStreamWriter.m; sourceTree = "<group>"; };
		4BBDAB981A2D8E3A00DEF6FB /* SBJsonStreamWriterAccumulator.h */ = {isa = PBXFileReference; fileEncoding = 4; lastKnownFileType = sourcecode.c.h; path = SBJsonStreamWriterAccumulator.h; sourceTree = "<group>"; };
		4BBDAB991A2D8E3A00DEF6FB /* SBJsonStreamWriterAccumulator.m */ = {isa = PBXFileReference; fileEncoding = 4; lastKnownFileType = sourcecode.c.objc; path = SBJsonStreamWriterAccumulator.m; sourceTree = "<group>"; };
		4BBDAB9A1A2D8E3A00DEF6FB /* SBJsonStreamWriterState.h */ = {isa = PBXFileReference; fileEncoding = 4; lastKnownFileType = sourcecode.c.h; path = SBJsonStreamWriterState.h; sourceTree = "<group>"; };
		4BBDAB9B1A2D8E3A00DEF6FB /* SBJsonStreamWriterState.m */ = {isa = PBXFileReference; fileEncoding = 4; lastKnownFileType = sourcecode.c.objc; path = SBJsonStreamWriterState.m; sourceTree = "<group>"; };
		4BBDAB9C1A2D8E3A00DEF6FB /* SBJsonWriter.h */ = {isa = PBXFileReference; fileEncoding = 4; lastKnownFileType = sourcecode.c.h; path = SBJsonWriter.h; sourceTree = "<group>"; };
		4BBDAB9D1A2D8E3A00DEF6FB /* SBJsonWriter.m */ = {isa = PBXFileReference; fileEncoding = 4; lastKnownFileType = sourcecode.c.objc; path = SBJsonWriter.m; sourceTree = "<group>"; };
		4BC900561A2C524000A1B24B /* LoginViewController.h */ = {isa = PBXFileReference; fileEncoding = 4; lastKnownFileType = sourcecode.c.h; path = LoginViewController.h; sourceTree = "<group>"; };
		4BC900571A2C524000A1B24B /* LoginViewController.m */ = {isa = PBXFileReference; fileEncoding = 4; lastKnownFileType = sourcecode.c.objc; path = LoginViewController.m; sourceTree = "<group>"; };
		4BC900591A2C539C00A1B24B /* UIViewExt.h */ = {isa = PBXFileReference; fileEncoding = 4; lastKnownFileType = sourcecode.c.h; path = UIViewExt.h; sourceTree = "<group>"; };
		4BC9005A1A2C539C00A1B24B /* UIViewExt.m */ = {isa = PBXFileReference; fileEncoding = 4; lastKnownFileType = sourcecode.c.objc; path = UIViewExt.m; sourceTree = "<group>"; };
		4BC9005C1A2C592A00A1B24B /* UIKeyboardView.h */ = {isa = PBXFileReference; fileEncoding = 4; lastKnownFileType = sourcecode.c.h; path = UIKeyboardView.h; sourceTree = "<group>"; };
		4BC9005D1A2C592A00A1B24B /* UIKeyboardView.m */ = {isa = PBXFileReference; fileEncoding = 4; lastKnownFileType = sourcecode.c.objc; path = UIKeyboardView.m; sourceTree = "<group>"; };
		4BC9005E1A2C592A00A1B24B /* UIKeyboardViewController.h */ = {isa = PBXFileReference; fileEncoding = 4; lastKnownFileType = sourcecode.c.h; path = UIKeyboardViewController.h; sourceTree = "<group>"; };
		4BC9005F1A2C592A00A1B24B /* UIKeyboardViewController.m */ = {isa = PBXFileReference; fileEncoding = 4; lastKnownFileType = sourcecode.c.objc; path = UIKeyboardViewController.m; sourceTree = "<group>"; };
		762FB8561A25E64600F68BC8 /* 红牛能量部落.app */ = {isa = PBXFileReference; explicitFileType = wrapper.application; includeInIndex = 0; path = "红牛能量部落.app"; sourceTree = BUILT_PRODUCTS_DIR; };
		762FB85A1A25E64600F68BC8 /* Info.plist */ = {isa = PBXFileReference; lastKnownFileType = text.plist.xml; path = Info.plist; sourceTree = "<group>"; };
		762FB85B1A25E64600F68BC8 /* main.m */ = {isa = PBXFileReference; lastKnownFileType = sourcecode.c.objc; path = main.m; sourceTree = "<group>"; };
		762FB85D1A25E64600F68BC8 /* AppDelegate.h */ = {isa = PBXFileReference; lastKnownFileType = sourcecode.c.h; path = AppDelegate.h; sourceTree = "<group>"; };
		762FB85E1A25E64600F68BC8 /* AppDelegate.m */ = {isa = PBXFileReference; lastKnownFileType = sourcecode.c.objc; path = AppDelegate.m; sourceTree = "<group>"; };
		762FB8611A25E64600F68BC8 /* redbull.xcdatamodel */ = {isa = PBXFileReference; lastKnownFileType = wrapper.xcdatamodel; path = redbull.xcdatamodel; sourceTree = "<group>"; };
		762FB8631A25E64600F68BC8 /* ViewController.h */ = {isa = PBXFileReference; lastKnownFileType = sourcecode.c.h; path = ViewController.h; sourceTree = "<group>"; };
		762FB8641A25E64600F68BC8 /* ViewController.m */ = {isa = PBXFileReference; lastKnownFileType = sourcecode.c.objc; path = ViewController.m; sourceTree = "<group>"; };
		762FB8671A25E64600F68BC8 /* Base */ = {isa = PBXFileReference; lastKnownFileType = file.storyboard; name = Base; path = Base.lproj/Main.storyboard; sourceTree = "<group>"; };
		762FB8691A25E64600F68BC8 /* Images.xcassets */ = {isa = PBXFileReference; lastKnownFileType = folder.assetcatalog; path = Images.xcassets; sourceTree = "<group>"; };
		762FB86C1A25E64600F68BC8 /* Base */ = {isa = PBXFileReference; lastKnownFileType = file.xib; name = Base; path = Base.lproj/LaunchScreen.xib; sourceTree = "<group>"; };
		762FB8721A25E64600F68BC8 /* redbullTests.xctest */ = {isa = PBXFileReference; explicitFileType = wrapper.cfbundle; includeInIndex = 0; path = redbullTests.xctest; sourceTree = BUILT_PRODUCTS_DIR; };
		762FB8771A25E64600F68BC8 /* Info.plist */ = {isa = PBXFileReference; lastKnownFileType = text.plist.xml; path = Info.plist; sourceTree = "<group>"; };
		762FB8781A25E64600F68BC8 /* redbullTests.m */ = {isa = PBXFileReference; lastKnownFileType = sourcecode.c.objc; path = redbullTests.m; sourceTree = "<group>"; };
		763F31551A2C56E1004CE6AE /* Navbar.h */ = {isa = PBXFileReference; fileEncoding = 4; lastKnownFileType = sourcecode.c.h; path = Navbar.h; sourceTree = "<group>"; };
		763F31561A2C56E1004CE6AE /* Navbar.m */ = {isa = PBXFileReference; fileEncoding = 4; lastKnownFileType = sourcecode.c.objc; path = Navbar.m; sourceTree = "<group>"; };
		765E00561A2FEDB600DCCC86 /* PersonalDetailViewController.h */ = {isa = PBXFileReference; fileEncoding = 4; lastKnownFileType = sourcecode.c.h; path = PersonalDetailViewController.h; sourceTree = "<group>"; };
		765E00571A2FEDB600DCCC86 /* PersonalDetailViewController.m */ = {isa = PBXFileReference; fileEncoding = 4; lastKnownFileType = sourcecode.c.objc; path = PersonalDetailViewController.m; sourceTree = "<group>"; };
		765E00581A2FEDB600DCCC86 /* PersonalDetailViewController.xib */ = {isa = PBXFileReference; fileEncoding = 4; lastKnownFileType = file.xib; path = PersonalDetailViewController.xib; sourceTree = "<group>"; };
		765E005C1A3158A300DCCC86 /* EAIntroPage.h */ = {isa = PBXFileReference; fileEncoding = 4; lastKnownFileType = sourcecode.c.h; path = EAIntroPage.h; sourceTree = "<group>"; };
		765E005D1A3158A300DCCC86 /* EAIntroPage.m */ = {isa = PBXFileReference; fileEncoding = 4; lastKnownFileType = sourcecode.c.objc; path = EAIntroPage.m; sourceTree = "<group>"; };
		765E005E1A3158A300DCCC86 /* EAIntroView.h */ = {isa = PBXFileReference; fileEncoding = 4; lastKnownFileType = sourcecode.c.h; path = EAIntroView.h; sourceTree = "<group>"; };
		765E005F1A3158A300DCCC86 /* EAIntroView.m */ = {isa = PBXFileReference; fileEncoding = 4; lastKnownFileType = sourcecode.c.objc; path = EAIntroView.m; sourceTree = "<group>"; };
		765E00671A317A0D00DCCC86 /* CircleView.h */ = {isa = PBXFileReference; fileEncoding = 4; lastKnownFileType = sourcecode.c.h; path = CircleView.h; sourceTree = "<group>"; };
		765E00681A317A0D00DCCC86 /* CircleView.m */ = {isa = PBXFileReference; fileEncoding = 4; lastKnownFileType = sourcecode.c.objc; path = CircleView.m; sourceTree = "<group>"; };
		765E009D1A32D82400DCCC86 /* ShareDetailViewController.h */ = {isa = PBXFileReference; fileEncoding = 4; lastKnownFileType = sourcecode.c.h; path = ShareDetailViewController.h; sourceTree = "<group>"; };
		765E009E1A32D82400DCCC86 /* ShareDetailViewController.m */ = {isa = PBXFileReference; fileEncoding = 4; lastKnownFileType = sourcecode.c.objc; path = ShareDetailViewController.m; sourceTree = "<group>"; };
		765E009F1A32D82400DCCC86 /* ShareDetailViewController.xib */ = {isa = PBXFileReference; fileEncoding = 4; lastKnownFileType = file.xib; path = ShareDetailViewController.xib; sourceTree = "<group>"; };
		765E00A31A3309B600DCCC86 /* RegisterViewController.h */ = {isa = PBXFileReference; fileEncoding = 4; lastKnownFileType = sourcecode.c.h; path = RegisterViewController.h; sourceTree = "<group>"; };
		765E00A41A3309B600DCCC86 /* RegisterViewController.m */ = {isa = PBXFileReference; fileEncoding = 4; lastKnownFileType = sourcecode.c.objc; path = RegisterViewController.m; sourceTree = "<group>"; };
		765E00A51A3309B600DCCC86 /* RegisterViewController.xib */ = {isa = PBXFileReference; fileEncoding = 4; lastKnownFileType = file.xib; path = RegisterViewController.xib; sourceTree = "<group>"; };
		765EFFD21A2DE4C200DCCC86 /* LeftViewController.h */ = {isa = PBXFileReference; fileEncoding = 4; lastKnownFileType = sourcecode.c.h; path = LeftViewController.h; sourceTree = "<group>"; };
		765EFFD31A2DE4C200DCCC86 /* LeftViewController.m */ = {isa = PBXFileReference; fileEncoding = 4; lastKnownFileType = sourcecode.c.objc; path = LeftViewController.m; sourceTree = "<group>"; };
		765EFFD41A2DE4C200DCCC86 /* LeftViewController.xib */ = {isa = PBXFileReference; fileEncoding = 4; lastKnownFileType = file.xib; path = LeftViewController.xib; sourceTree = "<group>"; };
		765EFFD71A2DE4D600DCCC86 /* RightViewController.h */ = {isa = PBXFileReference; fileEncoding = 4; lastKnownFileType = sourcecode.c.h; path = RightViewController.h; sourceTree = "<group>"; };
		765EFFD81A2DE4D600DCCC86 /* RightViewController.m */ = {isa = PBXFileReference; fileEncoding = 4; lastKnownFileType = sourcecode.c.objc; path = RightViewController.m; sourceTree = "<group>"; };
		765EFFD91A2DE4D600DCCC86 /* RightViewController.xib */ = {isa = PBXFileReference; fileEncoding = 4; lastKnownFileType = file.xib; path = RightViewController.xib; sourceTree = "<group>"; };
		765EFFE41A2ED2BC00DCCC86 /* DDMenuController.h */ = {isa = PBXFileReference; fileEncoding = 4; lastKnownFileType = sourcecode.c.h; path = DDMenuController.h; sourceTree = "<group>"; };
		765EFFE51A2ED2BC00DCCC86 /* DDMenuController.m */ = {isa = PBXFileReference; fileEncoding = 4; lastKnownFileType = sourcecode.c.objc; path = DDMenuController.m; sourceTree = "<group>"; };
		7677CA021A25F65B005675F0 /* PrefixHeader.pch */ = {isa = PBXFileReference; lastKnownFileType = sourcecode.c.h; path = PrefixHeader.pch; sourceTree = "<group>"; };
		7677CA0D1A26F997005675F0 /* GGTabBar-Private.h */ = {isa = PBXFileReference; fileEncoding = 4; lastKnownFileType = sourcecode.c.h; path = "GGTabBar-Private.h"; sourceTree = "<group>"; };
		7677CA0E1A26F997005675F0 /* GGTabBar.h */ = {isa = PBXFileReference; fileEncoding = 4; lastKnownFileType = sourcecode.c.h; path = GGTabBar.h; sourceTree = "<group>"; };
		7677CA0F1A26F997005675F0 /* GGTabBar.m */ = {isa = PBXFileReference; fileEncoding = 4; lastKnownFileType = sourcecode.c.objc; path = GGTabBar.m; sourceTree = "<group>"; };
		7677CA101A26F997005675F0 /* GGTabBarAppearanceKeys.h */ = {isa = PBXFileReference; fileEncoding = 4; lastKnownFileType = sourcecode.c.h; path = GGTabBarAppearanceKeys.h; sourceTree = "<group>"; };
		7677CA111A26F997005675F0 /* GGTabBarAppearanceKeys.m */ = {isa = PBXFileReference; fileEncoding = 4; lastKnownFileType = sourcecode.c.objc; path = GGTabBarAppearanceKeys.m; sourceTree = "<group>"; };
		7677CA121A26F997005675F0 /* GGTabBarController.h */ = {isa = PBXFileReference; fileEncoding = 4; lastKnownFileType = sourcecode.c.h; path = GGTabBarController.h; sourceTree = "<group>"; };
		7677CA131A26F997005675F0 /* GGTabBarController.m */ = {isa = PBXFileReference; fileEncoding = 4; lastKnownFileType = sourcecode.c.objc; path = GGTabBarController.m; sourceTree = "<group>"; };
		7677CA231A2703A2005675F0 /* FirstViewController.h */ = {isa = PBXFileReference; fileEncoding = 4; lastKnownFileType = sourcecode.c.h; path = FirstViewController.h; sourceTree = "<group>"; };
		7677CA241A2703A2005675F0 /* FirstViewController.m */ = {isa = PBXFileReference; fileEncoding = 4; lastKnownFileType = sourcecode.c.objc; path = FirstViewController.m; sourceTree = "<group>"; };
		7677CA251A2703A2005675F0 /* FirstViewController.xib */ = {isa = PBXFileReference; fileEncoding = 4; lastKnownFileType = file.xib; path = FirstViewController.xib; sourceTree = "<group>"; };
		7677CA2D1A2703CF005675F0 /* ExchangeViewController.h */ = {isa = PBXFileReference; fileEncoding = 4; lastKnownFileType = sourcecode.c.h; path = ExchangeViewController.h; sourceTree = "<group>"; };
		7677CA2E1A2703CF005675F0 /* ExchangeViewController.m */ = {isa = PBXFileReference; fileEncoding = 4; lastKnownFileType = sourcecode.c.objc; path = ExchangeViewController.m; sourceTree = "<group>"; };
		7677CA2F1A2703CF005675F0 /* ExchangeViewController.xib */ = {isa = PBXFileReference; fileEncoding = 4; lastKnownFileType = file.xib; path = ExchangeViewController.xib; sourceTree = "<group>"; };
		7677CA321A2703E2005675F0 /* TurnTableViewController.h */ = {isa = PBXFileReference; fileEncoding = 4; lastKnownFileType = sourcecode.c.h; path = TurnTableViewController.h; sourceTree = "<group>"; };
		7677CA331A2703E2005675F0 /* TurnTableViewController.m */ = {isa = PBXFileReference; fileEncoding = 4; lastKnownFileType = sourcecode.c.objc; path = TurnTableViewController.m; sourceTree = "<group>"; };
		7677CA341A2703E2005675F0 /* TurnTableViewController.xib */ = {isa = PBXFileReference; fileEncoding = 4; lastKnownFileType = file.xib; path = TurnTableViewController.xib; sourceTree = "<group>"; };
		7677CA381A270EC4005675F0 /* Constant.h */ = {isa = PBXFileReference; fileEncoding = 4; lastKnownFileType = sourcecode.c.h; path = Constant.h; sourceTree = "<group>"; };
		7677CA391A270EC4005675F0 /* Constant.m */ = {isa = PBXFileReference; fileEncoding = 4; lastKnownFileType = sourcecode.c.objc; path = Constant.m; sourceTree = "<group>"; };
		7677CA711A285646005675F0 /* Reachability.h */ = {isa = PBXFileReference; fileEncoding = 4; lastKnownFileType = sourcecode.c.h; path = Reachability.h; sourceTree = "<group>"; };
		7677CA721A285646005675F0 /* Reachability.m */ = {isa = PBXFileReference; fileEncoding = 4; lastKnownFileType = sourcecode.c.objc; path = Reachability.m; sourceTree = "<group>"; };
		76A300C51A2C76C80067F1A5 /* AskAnswerViewController.h */ = {isa = PBXFileReference; fileEncoding = 4; lastKnownFileType = sourcecode.c.h; path = AskAnswerViewController.h; sourceTree = "<group>"; };
		76A300C61A2C76C80067F1A5 /* AskAnswerViewController.m */ = {isa = PBXFileReference; fileEncoding = 4; lastKnownFileType = sourcecode.c.objc; path = AskAnswerViewController.m; sourceTree = "<group>"; };
		76A300C71A2C76C80067F1A5 /* AskAnswerViewController.xib */ = {isa = PBXFileReference; fileEncoding = 4; lastKnownFileType = file.xib; path = AskAnswerViewController.xib; sourceTree = "<group>"; };
/* End PBXFileReference section */

/* Begin PBXFrameworksBuildPhase section */
		762FB8531A25E64600F68BC8 /* Frameworks */ = {
			isa = PBXFrameworksBuildPhase;
			buildActionMask = 2147483647;
			files = (
			);
			runOnlyForDeploymentPostprocessing = 0;
		};
		762FB86F1A25E64600F68BC8 /* Frameworks */ = {
			isa = PBXFrameworksBuildPhase;
			buildActionMask = 2147483647;
			files = (
			);
			runOnlyForDeploymentPostprocessing = 0;
		};
/* End PBXFrameworksBuildPhase section */

/* Begin PBXGroup section */
		30E5F39B1A32D1F6002384AA /* PrivateView */ = {
			isa = PBXGroup;
			children = (
				30E5F39E1A32D2D1002384AA /* BRWebView.h */,
				30E5F39F1A32D2D1002384AA /* BRWebView.m */,
			);
			name = PrivateView;
			sourceTree = "<group>";
		};
		4BBDAB6B1A2D8E2E00DEF6FB /* AFNetworking */ = {
			isa = PBXGroup;
			children = (
				4BBDAB6C1A2D8E2E00DEF6FB /* AFHTTPClient.h */,
				4BBDAB6D1A2D8E2E00DEF6FB /* AFHTTPClient.m */,
				4BBDAB6E1A2D8E2E00DEF6FB /* AFHTTPRequestOperation.h */,
				4BBDAB6F1A2D8E2E00DEF6FB /* AFHTTPRequestOperation.m */,
				4BBDAB701A2D8E2E00DEF6FB /* AFImageRequestOperation.h */,
				4BBDAB711A2D8E2E00DEF6FB /* AFImageRequestOperation.m */,
				4BBDAB721A2D8E2E00DEF6FB /* AFJSONRequestOperation.h */,
				4BBDAB731A2D8E2E00DEF6FB /* AFJSONRequestOperation.m */,
				4BBDAB741A2D8E2E00DEF6FB /* AFNetworkActivityIndicatorManager.h */,
				4BBDAB751A2D8E2E00DEF6FB /* AFNetworkActivityIndicatorManager.m */,
				4BBDAB761A2D8E2E00DEF6FB /* AFNetworking.h */,
				4BBDAB771A2D8E2E00DEF6FB /* AFPropertyListRequestOperation.h */,
				4BBDAB781A2D8E2E00DEF6FB /* AFPropertyListRequestOperation.m */,
				4BBDAB791A2D8E2E00DEF6FB /* AFURLConnectionOperation.h */,
				4BBDAB7A1A2D8E2E00DEF6FB /* AFURLConnectionOperation.m */,
				4BBDAB7B1A2D8E2E00DEF6FB /* AFXMLRequestOperation.h */,
				4BBDAB7C1A2D8E2E00DEF6FB /* AFXMLRequestOperation.m */,
				4BBDAB7D1A2D8E2E00DEF6FB /* UIImageView+AFNetworking.h */,
				4BBDAB7E1A2D8E2E00DEF6FB /* UIImageView+AFNetworking.m */,
			);
			path = AFNetworking;
			sourceTree = "<group>";
		};
		4BBDAB881A2D8E3A00DEF6FB /* SBJson */ = {
			isa = PBXGroup;
			children = (
				4BBDAB891A2D8E3A00DEF6FB /* SBJson.h */,
				4BBDAB8A1A2D8E3A00DEF6FB /* SBJsonParser.h */,
				4BBDAB8B1A2D8E3A00DEF6FB /* SBJsonParser.m */,
				4BBDAB8C1A2D8E3A00DEF6FB /* SBJsonStreamParser.h */,
				4BBDAB8D1A2D8E3A00DEF6FB /* SBJsonStreamParser.m */,
				4BBDAB8E1A2D8E3A00DEF6FB /* SBJsonStreamParserAccumulator.h */,
				4BBDAB8F1A2D8E3A00DEF6FB /* SBJsonStreamParserAccumulator.m */,
				4BBDAB901A2D8E3A00DEF6FB /* SBJsonStreamParserAdapter.h */,
				4BBDAB911A2D8E3A00DEF6FB /* SBJsonStreamParserAdapter.m */,
				4BBDAB921A2D8E3A00DEF6FB /* SBJsonStreamParserState.h */,
				4BBDAB931A2D8E3A00DEF6FB /* SBJsonStreamParserState.m */,
				4BBDAB941A2D8E3A00DEF6FB /* SBJsonStreamTokeniser.h */,
				4BBDAB951A2D8E3A00DEF6FB /* SBJsonStreamTokeniser.m */,
				4BBDAB961A2D8E3A00DEF6FB /* SBJsonStreamWriter.h */,
				4BBDAB971A2D8E3A00DEF6FB /* SBJsonStreamWriter.m */,
				4BBDAB981A2D8E3A00DEF6FB /* SBJsonStreamWriterAccumulator.h */,
				4BBDAB991A2D8E3A00DEF6FB /* SBJsonStreamWriterAccumulator.m */,
				4BBDAB9A1A2D8E3A00DEF6FB /* SBJsonStreamWriterState.h */,
				4BBDAB9B1A2D8E3A00DEF6FB /* SBJsonStreamWriterState.m */,
				4BBDAB9C1A2D8E3A00DEF6FB /* SBJsonWriter.h */,
				4BBDAB9D1A2D8E3A00DEF6FB /* SBJsonWriter.m */,
			);
			path = SBJson;
			sourceTree = "<group>";
		};
		4BC900551A2C520B00A1B24B /* login */ = {
			isa = PBXGroup;
			children = (
				4BC900561A2C524000A1B24B /* LoginViewController.h */,
				4BC900571A2C524000A1B24B /* LoginViewController.m */,
			);
			name = login;
			sourceTree = "<group>";
		};
		4BC900621A2C596400A1B24B /* extension */ = {
			isa = PBXGroup;
			children = (
				4BBDAB881A2D8E3A00DEF6FB /* SBJson */,
				4BBDAB6B1A2D8E2E00DEF6FB /* AFNetworking */,
				4BC900631A2C598C00A1B24B /* keyboard */,
			);
			name = extension;
			sourceTree = "<group>";
		};
		4BC900631A2C598C00A1B24B /* keyboard */ = {
			isa = PBXGroup;
			children = (
				4BC9005C1A2C592A00A1B24B /* UIKeyboardView.h */,
				4BC9005D1A2C592A00A1B24B /* UIKeyboardView.m */,
				4BC9005E1A2C592A00A1B24B /* UIKeyboardViewController.h */,
				4BC9005F1A2C592A00A1B24B /* UIKeyboardViewController.m */,
			);
			name = keyboard;
			sourceTree = "<group>";
		};
		762FB84D1A25E64600F68BC8 = {
			isa = PBXGroup;
			children = (
				762FB8581A25E64600F68BC8 /* redbull */,
				762FB8751A25E64600F68BC8 /* redbullTests */,
				762FB8571A25E64600F68BC8 /* Products */,
			);
			sourceTree = "<group>";
		};
		762FB8571A25E64600F68BC8 /* Products */ = {
			isa = PBXGroup;
			children = (
				762FB8561A25E64600F68BC8 /* 红牛能量部落.app */,
				762FB8721A25E64600F68BC8 /* redbullTests.xctest */,
			);
			name = Products;
			sourceTree = "<group>";
		};
		762FB8581A25E64600F68BC8 /* redbull */ = {
			isa = PBXGroup;
			children = (
				7677CA091A26E8CE005675F0 /* Model */,
				7677CA0A1A26E8D7005675F0 /* View */,
				7677CA0B1A26E8DD005675F0 /* Control */,
				4BC900621A2C596400A1B24B /* extension */,
				763F314B1A2C0F5C004CE6AE /* Access */,
				7677CA701A285467005675F0 /* Tools */,
				762FB8591A25E64600F68BC8 /* Supporting Files */,
			);
			path = redbull;
			sourceTree = "<group>";
		};
		762FB8591A25E64600F68BC8 /* Supporting Files */ = {
			isa = PBXGroup;
			children = (
				762FB8661A25E64600F68BC8 /* Main.storyboard */,
				762FB86B1A25E64600F68BC8 /* LaunchScreen.xib */,
				762FB8691A25E64600F68BC8 /* Images.xcassets */,
				762FB8601A25E64600F68BC8 /* redbull.xcdatamodeld */,
				762FB85A1A25E64600F68BC8 /* Info.plist */,
				762FB85B1A25E64600F68BC8 /* main.m */,
				7677CA021A25F65B005675F0 /* PrefixHeader.pch */,
			);
			name = "Supporting Files";
			sourceTree = "<group>";
		};
		762FB8751A25E64600F68BC8 /* redbullTests */ = {
			isa = PBXGroup;
			children = (
				762FB8781A25E64600F68BC8 /* redbullTests.m */,
				762FB8761A25E64600F68BC8 /* Supporting Files */,
			);
			path = redbullTests;
			sourceTree = "<group>";
		};
		762FB8761A25E64600F68BC8 /* Supporting Files */ = {
			isa = PBXGroup;
			children = (
				762FB8771A25E64600F68BC8 /* Info.plist */,
			);
			name = "Supporting Files";
			sourceTree = "<group>";
		};
		763F314B1A2C0F5C004CE6AE /* Access */ = {
			isa = PBXGroup;
			children = (
				762FB85D1A25E64600F68BC8 /* AppDelegate.h */,
				762FB85E1A25E64600F68BC8 /* AppDelegate.m */,
				762FB8631A25E64600F68BC8 /* ViewController.h */,
				762FB8641A25E64600F68BC8 /* ViewController.m */,
			);
			name = Access;
			sourceTree = "<group>";
		};
		763F31541A2C56D3004CE6AE /* NavBar */ = {
			isa = PBXGroup;
			children = (
				763F31551A2C56E1004CE6AE /* Navbar.h */,
				763F31561A2C56E1004CE6AE /* Navbar.m */,
			);
			name = NavBar;
			sourceTree = "<group>";
		};
		765E00551A2FED6A00DCCC86 /* PersonalDetailVC */ = {
			isa = PBXGroup;
			children = (
				765E00561A2FEDB600DCCC86 /* PersonalDetailViewController.h */,
				765E00571A2FEDB600DCCC86 /* PersonalDetailViewController.m */,
				765E00581A2FEDB600DCCC86 /* PersonalDetailViewController.xib */,
			);
			name = PersonalDetailVC;
			sourceTree = "<group>";
		};
		765E005B1A3158A300DCCC86 /* EAIntroView */ = {
			isa = PBXGroup;
			children = (
				765E005C1A3158A300DCCC86 /* EAIntroPage.h */,
				765E005D1A3158A300DCCC86 /* EAIntroPage.m */,
				765E005E1A3158A300DCCC86 /* EAIntroView.h */,
				765E005F1A3158A300DCCC86 /* EAIntroView.m */,
			);
			path = EAIntroView;
			sourceTree = "<group>";
		};
		765E00661A3179C800DCCC86 /* PortraitCircleView */ = {
			isa = PBXGroup;
			children = (
				765E00671A317A0D00DCCC86 /* CircleView.h */,
				765E00681A317A0D00DCCC86 /* CircleView.m */,
			);
			name = PortraitCircleView;
			sourceTree = "<group>";
		};
		765E009C1A32D5C900DCCC86 /* Jump2ShareDetailVC */ = {
			isa = PBXGroup;
			children = (
				765E009D1A32D82400DCCC86 /* ShareDetailViewController.h */,
				765E009E1A32D82400DCCC86 /* ShareDetailViewController.m */,
				765E009F1A32D82400DCCC86 /* ShareDetailViewController.xib */,
			);
			name = Jump2ShareDetailVC;
			sourceTree = "<group>";
		};
		765E00A21A33097100DCCC86 /* register */ = {
			isa = PBXGroup;
			children = (
				765E00A31A3309B600DCCC86 /* RegisterViewController.h */,
				765E00A41A3309B600DCCC86 /* RegisterViewController.m */,
				765E00A51A3309B600DCCC86 /* RegisterViewController.xib */,
			);
			name = register;
			sourceTree = "<group>";
		};
		765EFFD01A2DE3F800DCCC86 /* NavTabChildVC */ = {
			isa = PBXGroup;
			children = (
				7677CA231A2703A2005675F0 /* FirstViewController.h */,
				7677CA241A2703A2005675F0 /* FirstViewController.m */,
				7677CA251A2703A2005675F0 /* FirstViewController.xib */,
				76A300C51A2C76C80067F1A5 /* AskAnswerViewController.h */,
				76A300C61A2C76C80067F1A5 /* AskAnswerViewController.m */,
				76A300C71A2C76C80067F1A5 /* AskAnswerViewController.xib */,
				7677CA2D1A2703CF005675F0 /* ExchangeViewController.h */,
				7677CA2E1A2703CF005675F0 /* ExchangeViewController.m */,
				7677CA2F1A2703CF005675F0 /* ExchangeViewController.xib */,
				7677CA321A2703E2005675F0 /* TurnTableViewController.h */,
				7677CA331A2703E2005675F0 /* TurnTableViewController.m */,
				7677CA341A2703E2005675F0 /* TurnTableViewController.xib */,
				30E5F3A11A3373F2002384AA /* BRTabViewController.h */,
				30E5F3A21A3373F2002384AA /* BRTabViewController.m */,
			);
			name = NavTabChildVC;
			sourceTree = "<group>";
		};
		765EFFD11A2DE43100DCCC86 /* SlideMenuVC */ = {
			isa = PBXGroup;
			children = (
				765E009C1A32D5C900DCCC86 /* Jump2ShareDetailVC */,
				765E00551A2FED6A00DCCC86 /* PersonalDetailVC */,
				765EFFD21A2DE4C200DCCC86 /* LeftViewController.h */,
				765EFFD31A2DE4C200DCCC86 /* LeftViewController.m */,
				765EFFD41A2DE4C200DCCC86 /* LeftViewController.xib */,
				765EFFD71A2DE4D600DCCC86 /* RightViewController.h */,
				765EFFD81A2DE4D600DCCC86 /* RightViewController.m */,
				765EFFD91A2DE4D600DCCC86 /* RightViewController.xib */,
			);
			name = SlideMenuVC;
			sourceTree = "<group>";
		};
		765EFFE31A2ED2AD00DCCC86 /* DDMenuController */ = {
			isa = PBXGroup;
			children = (
				765EFFE41A2ED2BC00DCCC86 /* DDMenuController.h */,
				765EFFE51A2ED2BC00DCCC86 /* DDMenuController.m */,
			);
			name = DDMenuController;
			sourceTree = "<group>";
		};
		7677CA091A26E8CE005675F0 /* Model */ = {
			isa = PBXGroup;
			children = (
				7677CA381A270EC4005675F0 /* Constant.h */,
				7677CA391A270EC4005675F0 /* Constant.m */,
			);
			name = Model;
			sourceTree = "<group>";
		};
		7677CA0A1A26E8D7005675F0 /* View */ = {
			isa = PBXGroup;
			children = (
				30E5F39B1A32D1F6002384AA /* PrivateView */,
				765E00661A3179C800DCCC86 /* PortraitCircleView */,
				765E005B1A3158A300DCCC86 /* EAIntroView */,
				763F31541A2C56D3004CE6AE /* NavBar */,
				7677CA0C1A26F997005675F0 /* GGTabBar */,
			);
			name = View;
			sourceTree = "<group>";
		};
		7677CA0B1A26E8DD005675F0 /* Control */ = {
			isa = PBXGroup;
			children = (
				765EFFE31A2ED2AD00DCCC86 /* DDMenuController */,
				765EFFD11A2DE43100DCCC86 /* SlideMenuVC */,
				765EFFD01A2DE3F800DCCC86 /* NavTabChildVC */,
				4BC900551A2C520B00A1B24B /* login */,
				765E00A21A33097100DCCC86 /* register */,
			);
			name = Control;
			sourceTree = "<group>";
		};
		7677CA0C1A26F997005675F0 /* GGTabBar */ = {
			isa = PBXGroup;
			children = (
				7677CA0D1A26F997005675F0 /* GGTabBar-Private.h */,
				7677CA0E1A26F997005675F0 /* GGTabBar.h */,
				7677CA0F1A26F997005675F0 /* GGTabBar.m */,
				7677CA101A26F997005675F0 /* GGTabBarAppearanceKeys.h */,
				7677CA111A26F997005675F0 /* GGTabBarAppearanceKeys.m */,
				7677CA121A26F997005675F0 /* GGTabBarController.h */,
				7677CA131A26F997005675F0 /* GGTabBarController.m */,
			);
			path = GGTabBar;
			sourceTree = "<group>";
		};
		7677CA701A285467005675F0 /* Tools */ = {
			isa = PBXGroup;
			children = (
				7677CA711A285646005675F0 /* Reachability.h */,
				7677CA721A285646005675F0 /* Reachability.m */,
				4BC900591A2C539C00A1B24B /* UIViewExt.h */,
				4BC9005A1A2C539C00A1B24B /* UIViewExt.m */,
			);
			name = Tools;
			sourceTree = "<group>";
		};
/* End PBXGroup section */

/* Begin PBXNativeTarget section */
		762FB8551A25E64600F68BC8 /* redbull */ = {
			isa = PBXNativeTarget;
			buildConfigurationList = 762FB87C1A25E64600F68BC8 /* Build configuration list for PBXNativeTarget "redbull" */;
			buildPhases = (
				762FB8521A25E64600F68BC8 /* Sources */,
				762FB8531A25E64600F68BC8 /* Frameworks */,
				762FB8541A25E64600F68BC8 /* Resources */,
			);
			buildRules = (
			);
			dependencies = (
			);
			name = redbull;
			productName = redbull;
			productReference = 762FB8561A25E64600F68BC8 /* 红牛能量部落.app */;
			productType = "com.apple.product-type.application";
		};
		762FB8711A25E64600F68BC8 /* redbullTests */ = {
			isa = PBXNativeTarget;
			buildConfigurationList = 762FB87F1A25E64600F68BC8 /* Build configuration list for PBXNativeTarget "redbullTests" */;
			buildPhases = (
				762FB86E1A25E64600F68BC8 /* Sources */,
				762FB86F1A25E64600F68BC8 /* Frameworks */,
				762FB8701A25E64600F68BC8 /* Resources */,
			);
			buildRules = (
			);
			dependencies = (
				762FB8741A25E64600F68BC8 /* PBXTargetDependency */,
			);
			name = redbullTests;
			productName = redbullTests;
			productReference = 762FB8721A25E64600F68BC8 /* redbullTests.xctest */;
			productType = "com.apple.product-type.bundle.unit-test";
		};
/* End PBXNativeTarget section */

/* Begin PBXProject section */
		762FB84E1A25E64600F68BC8 /* Project object */ = {
			isa = PBXProject;
			attributes = {
				LastUpgradeCheck = 0610;
				ORGANIZATIONNAME = "Xin Qin";
				TargetAttributes = {
					762FB8551A25E64600F68BC8 = {
						CreatedOnToolsVersion = 6.1;
						DevelopmentTeam = F9CR2NGCY7;
					};
					762FB8711A25E64600F68BC8 = {
						CreatedOnToolsVersion = 6.1;
					};
				};
			};
			buildConfigurationList = 762FB8511A25E64600F68BC8 /* Build configuration list for PBXProject "redbull" */;
			compatibilityVersion = "Xcode 3.2";
			developmentRegion = English;
			hasScannedForEncodings = 0;
			knownRegions = (
				en,
				Base,
			);
			mainGroup = 762FB84D1A25E64600F68BC8;
			productRefGroup = 762FB8571A25E64600F68BC8 /* Products */;
			projectDirPath = "";
			projectRoot = "";
			targets = (
				762FB8551A25E64600F68BC8 /* redbull */,
				762FB8711A25E64600F68BC8 /* redbullTests */,
			);
		};
/* End PBXProject section */

/* Begin PBXResourcesBuildPhase section */
		762FB8541A25E64600F68BC8 /* Resources */ = {
			isa = PBXResourcesBuildPhase;
			buildActionMask = 2147483647;
			files = (
				765E00A11A32D82400DCCC86 /* ShareDetailViewController.xib in Resources */,
				7677CA361A2703E2005675F0 /* TurnTableViewController.xib in Resources */,
				765EFFD61A2DE4C200DCCC86 /* LeftViewController.xib in Resources */,
				76A300C91A2C76C80067F1A5 /* AskAnswerViewController.xib in Resources */,
				762FB8681A25E64600F68BC8 /* Main.storyboard in Resources */,
				762FB86D1A25E64600F68BC8 /* LaunchScreen.xib in Resources */,
				762FB86A1A25E64600F68BC8 /* Images.xcassets in Resources */,
				765E005A1A2FEDB600DCCC86 /* PersonalDetailViewController.xib in Resources */,
				765EFFDB1A2DE4D600DCCC86 /* RightViewController.xib in Resources */,
				7677CA271A2703A2005675F0 /* FirstViewController.xib in Resources */,
				7677CA311A2703CF005675F0 /* ExchangeViewController.xib in Resources */,
				765E00A71A3309B600DCCC86 /* RegisterViewController.xib in Resources */,
			);
			runOnlyForDeploymentPostprocessing = 0;
		};
		762FB8701A25E64600F68BC8 /* Resources */ = {
			isa = PBXResourcesBuildPhase;
			buildActionMask = 2147483647;
			files = (
			);
			runOnlyForDeploymentPostprocessing = 0;
		};
/* End PBXResourcesBuildPhase section */

/* Begin PBXSourcesBuildPhase section */
		762FB8521A25E64600F68BC8 /* Sources */ = {
			isa = PBXSourcesBuildPhase;
			buildActionMask = 2147483647;
			files = (
				4BBDAB821A2D8E2E00DEF6FB /* AFJSONRequestOperation.m in Sources */,
				4BBDAB811A2D8E2E00DEF6FB /* AFImageRequestOperation.m in Sources */,
				4BBDAB841A2D8E2E00DEF6FB /* AFPropertyListRequestOperation.m in Sources */,
				7677CA351A2703E2005675F0 /* TurnTableViewController.m in Sources */,
				30E5F3A31A3373F2002384AA /* BRTabViewController.m in Sources */,
				4BBDAB851A2D8E2E00DEF6FB /* AFURLConnectionOperation.m in Sources */,
				765EFFDA1A2DE4D600DCCC86 /* RightViewController.m in Sources */,
				765EFFE61A2ED2BC00DCCC86 /* DDMenuController.m in Sources */,
				762FB85F1A25E64600F68BC8 /* AppDelegate.m in Sources */,
				7677CA261A2703A2005675F0 /* FirstViewController.m in Sources */,
				765E00601A3158A300DCCC86 /* EAIntroPage.m in Sources */,
				7677CA151A26F997005675F0 /* GGTabBarAppearanceKeys.m in Sources */,
				765E00A61A3309B600DCCC86 /* RegisterViewController.m in Sources */,
				4BC900581A2C524000A1B24B /* LoginViewController.m in Sources */,
				4BBDABA61A2D8E3A00DEF6FB /* SBJsonStreamWriterState.m in Sources */,
				4BC900601A2C592A00A1B24B /* UIKeyboardView.m in Sources */,
				7677CA161A26F997005675F0 /* GGTabBarController.m in Sources */,
				7677CA3A1A270EC4005675F0 /* Constant.m in Sources */,
				765E00591A2FEDB600DCCC86 /* PersonalDetailViewController.m in Sources */,
				4BC9005B1A2C539C00A1B24B /* UIViewExt.m in Sources */,
				762FB85C1A25E64600F68BC8 /* main.m in Sources */,
				4BBDAB831A2D8E2E00DEF6FB /* AFNetworkActivityIndicatorManager.m in Sources */,
				762FB8651A25E64600F68BC8 /* ViewController.m in Sources */,
				765E00611A3158A300DCCC86 /* EAIntroView.m in Sources */,
				30E5F3A01A32D2D1002384AA /* BRWebView.m in Sources */,
				4BBDAB871A2D8E2E00DEF6FB /* UIImageView+AFNetworking.m in Sources */,
				4BBDAB861A2D8E2E00DEF6FB /* AFXMLRequestOperation.m in Sources */,
				4BBDABA31A2D8E3A00DEF6FB /* SBJsonStreamTokeniser.m in Sources */,
				4BBDABA11A2D8E3A00DEF6FB /* SBJsonStreamParserAdapter.m in Sources */,
				762FB8621A25E64600F68BC8 /* redbull.xcdatamodeld in Sources */,
				4BBDAB801A2D8E2E00DEF6FB /* AFHTTPRequestOperation.m in Sources */,
				765E00691A317A0D00DCCC86 /* CircleView.m in Sources */,
				4BBDABA01A2D8E3A00DEF6FB /* SBJsonStreamParserAccumulator.m in Sources */,
				4BBDABA41A2D8E3A00DEF6FB /* SBJsonStreamWriter.m in Sources */,
				7677CA731A285646005675F0 /* Reachability.m in Sources */,
				4BBDAB9E1A2D8E3A00DEF6FB /* SBJsonParser.m in Sources */,
				765EFFD51A2DE4C200DCCC86 /* LeftViewController.m in Sources */,
				4BBDAB9F1A2D8E3A00DEF6FB /* SBJsonStreamParser.m in Sources */,
				4BBDABA71A2D8E3A00DEF6FB /* SBJsonWriter.m in Sources */,
				763F31571A2C56E1004CE6AE /* Navbar.m in Sources */,
				76A300C81A2C76C80067F1A5 /* AskAnswerViewController.m in Sources */,
				7677CA141A26F997005675F0 /* GGTabBar.m in Sources */,
				7677CA301A2703CF005675F0 /* ExchangeViewController.m in Sources */,
				765E00A01A32D82400DCCC86 /* ShareDetailViewController.m in Sources */,
				4BBDABA51A2D8E3A00DEF6FB /* SBJsonStreamWriterAccumulator.m in Sources */,
				4BBDABA21A2D8E3A00DEF6FB /* SBJsonStreamParserState.m in Sources */,
				4BC900611A2C592A00A1B24B /* UIKeyboardViewController.m in Sources */,
				4BBDAB7F1A2D8E2E00DEF6FB /* AFHTTPClient.m in Sources */,
			);
			runOnlyForDeploymentPostprocessing = 0;
		};
		762FB86E1A25E64600F68BC8 /* Sources */ = {
			isa = PBXSourcesBuildPhase;
			buildActionMask = 2147483647;
			files = (
				762FB8791A25E64600F68BC8 /* redbullTests.m in Sources */,
			);
			runOnlyForDeploymentPostprocessing = 0;
		};
/* End PBXSourcesBuildPhase section */

/* Begin PBXTargetDependency section */
		762FB8741A25E64600F68BC8 /* PBXTargetDependency */ = {
			isa = PBXTargetDependency;
			target = 762FB8551A25E64600F68BC8 /* redbull */;
			targetProxy = 762FB8731A25E64600F68BC8 /* PBXContainerItemProxy */;
		};
/* End PBXTargetDependency section */

/* Begin PBXVariantGroup section */
		762FB8661A25E64600F68BC8 /* Main.storyboard */ = {
			isa = PBXVariantGroup;
			children = (
				762FB8671A25E64600F68BC8 /* Base */,
			);
			name = Main.storyboard;
			sourceTree = "<group>";
		};
		762FB86B1A25E64600F68BC8 /* LaunchScreen.xib */ = {
			isa = PBXVariantGroup;
			children = (
				762FB86C1A25E64600F68BC8 /* Base */,
			);
			name = LaunchScreen.xib;
			sourceTree = "<group>";
		};
/* End PBXVariantGroup section */

/* Begin XCBuildConfiguration section */
		762FB87A1A25E64600F68BC8 /* Debug */ = {
			isa = XCBuildConfiguration;
			buildSettings = {
				ALWAYS_SEARCH_USER_PATHS = NO;
				CLANG_CXX_LANGUAGE_STANDARD = "gnu++0x";
				CLANG_CXX_LIBRARY = "libc++";
				CLANG_ENABLE_MODULES = YES;
				CLANG_ENABLE_OBJC_ARC = YES;
				CLANG_WARN_BOOL_CONVERSION = YES;
				CLANG_WARN_CONSTANT_CONVERSION = YES;
				CLANG_WARN_DIRECT_OBJC_ISA_USAGE = YES_ERROR;
				CLANG_WARN_EMPTY_BODY = YES;
				CLANG_WARN_ENUM_CONVERSION = YES;
				CLANG_WARN_INT_CONVERSION = YES;
				CLANG_WARN_OBJC_ROOT_CLASS = YES_ERROR;
				CLANG_WARN_UNREACHABLE_CODE = YES;
				CLANG_WARN__DUPLICATE_METHOD_MATCH = YES;
				"CODE_SIGN_IDENTITY[sdk=iphoneos*]" = "iPhone Developer";
				COPY_PHASE_STRIP = NO;
				ENABLE_STRICT_OBJC_MSGSEND = YES;
				GCC_C_LANGUAGE_STANDARD = gnu99;
				GCC_DYNAMIC_NO_PIC = NO;
				GCC_OPTIMIZATION_LEVEL = 0;
				GCC_PREPROCESSOR_DEFINITIONS = (
					"DEBUG=1",
					"$(inherited)",
				);
				GCC_SYMBOLS_PRIVATE_EXTERN = NO;
				GCC_WARN_64_TO_32_BIT_CONVERSION = YES;
				GCC_WARN_ABOUT_RETURN_TYPE = YES_ERROR;
				GCC_WARN_UNDECLARED_SELECTOR = YES;
				GCC_WARN_UNINITIALIZED_AUTOS = YES_AGGRESSIVE;
				GCC_WARN_UNUSED_FUNCTION = YES;
				GCC_WARN_UNUSED_VARIABLE = YES;
				IPHONEOS_DEPLOYMENT_TARGET = 8.1;
				MTL_ENABLE_DEBUG_INFO = YES;
				ONLY_ACTIVE_ARCH = YES;
				SDKROOT = iphoneos;
			};
			name = Debug;
		};
		762FB87B1A25E64600F68BC8 /* Release */ = {
			isa = XCBuildConfiguration;
			buildSettings = {
				ALWAYS_SEARCH_USER_PATHS = NO;
				CLANG_CXX_LANGUAGE_STANDARD = "gnu++0x";
				CLANG_CXX_LIBRARY = "libc++";
				CLANG_ENABLE_MODULES = YES;
				CLANG_ENABLE_OBJC_ARC = YES;
				CLANG_WARN_BOOL_CONVERSION = YES;
				CLANG_WARN_CONSTANT_CONVERSION = YES;
				CLANG_WARN_DIRECT_OBJC_ISA_USAGE = YES_ERROR;
				CLANG_WARN_EMPTY_BODY = YES;
				CLANG_WARN_ENUM_CONVERSION = YES;
				CLANG_WARN_INT_CONVERSION = YES;
				CLANG_WARN_OBJC_ROOT_CLASS = YES_ERROR;
				CLANG_WARN_UNREACHABLE_CODE = YES;
				CLANG_WARN__DUPLICATE_METHOD_MATCH = YES;
				"CODE_SIGN_IDENTITY[sdk=iphoneos*]" = "iPhone Developer";
				COPY_PHASE_STRIP = YES;
				ENABLE_NS_ASSERTIONS = NO;
				ENABLE_STRICT_OBJC_MSGSEND = YES;
				GCC_C_LANGUAGE_STANDARD = gnu99;
				GCC_WARN_64_TO_32_BIT_CONVERSION = YES;
				GCC_WARN_ABOUT_RETURN_TYPE = YES_ERROR;
				GCC_WARN_UNDECLARED_SELECTOR = YES;
				GCC_WARN_UNINITIALIZED_AUTOS = YES_AGGRESSIVE;
				GCC_WARN_UNUSED_FUNCTION = YES;
				GCC_WARN_UNUSED_VARIABLE = YES;
				IPHONEOS_DEPLOYMENT_TARGET = 8.1;
				MTL_ENABLE_DEBUG_INFO = NO;
				SDKROOT = iphoneos;
				VALIDATE_PRODUCT = YES;
			};
			name = Release;
		};
		762FB87D1A25E64600F68BC8 /* Debug */ = {
			isa = XCBuildConfiguration;
			buildSettings = {
				ASSETCATALOG_COMPILER_APPICON_NAME = AppIcon;
				ASSETCATALOG_COMPILER_LAUNCHIMAGE_NAME = LaunchImage;
				CODE_SIGN_IDENTITY = "iPhone Developer: Wenyue Bao (J7P4MV2B4B)";
				GCC_PREFIX_HEADER = "$(SRCROOT)/redbull/PrefixHeader.pch";
				INFOPLIST_FILE = redbull/Info.plist;
				IPHONEOS_DEPLOYMENT_TARGET = 7.0;
				LD_RUNPATH_SEARCH_PATHS = "$(inherited) @executable_path/Frameworks";
				PRODUCT_NAME = "红牛能量部落";
				PROVISIONING_PROFILE = "aa1646d9-7bf5-4b20-8998-3b4e48c491ea";
			};
			name = Debug;
		};
		762FB87E1A25E64600F68BC8 /* Release */ = {
			isa = XCBuildConfiguration;
			buildSettings = {
				ASSETCATALOG_COMPILER_APPICON_NAME = AppIcon;
				ASSETCATALOG_COMPILER_LAUNCHIMAGE_NAME = LaunchImage;
				CODE_SIGN_IDENTITY = "iPhone Distribution: RedBull Vitamin Drink Co.,Ltd. (F9CR2NGCY7)";
				GCC_PREFIX_HEADER = "$(SRCROOT)/redbull/PrefixHeader.pch";
				INFOPLIST_FILE = redbull/Info.plist;
				IPHONEOS_DEPLOYMENT_TARGET = 7.0;
				LD_RUNPATH_SEARCH_PATHS = "$(inherited) @executable_path/Frameworks";
				PRODUCT_NAME = "红牛能量部落";
				PROVISIONING_PROFILE = "aa1646d9-7bf5-4b20-8998-3b4e48c491ea";
			};
			name = Release;
		};
		762FB8801A25E64600F68BC8 /* Debug */ = {
			isa = XCBuildConfiguration;
			buildSettings = {
				FRAMEWORK_SEARCH_PATHS = (
					"$(SDKROOT)/Developer/Library/Frameworks",
					"$(inherited)",
				);
				GCC_PREPROCESSOR_DEFINITIONS = (
					"DEBUG=1",
					"$(inherited)",
				);
				INFOPLIST_FILE = redbullTests/Info.plist;
				LD_RUNPATH_SEARCH_PATHS = "$(inherited) @executable_path/Frameworks @loader_path/Frameworks";
				PRODUCT_NAME = "$(TARGET_NAME)";
			};
			name = Debug;
		};
		762FB8811A25E64600F68BC8 /* Release */ = {
			isa = XCBuildConfiguration;
			buildSettings = {
				FRAMEWORK_SEARCH_PATHS = (
					"$(SDKROOT)/Developer/Library/Frameworks",
					"$(inherited)",
				);
				INFOPLIST_FILE = redbullTests/Info.plist;
				LD_RUNPATH_SEARCH_PATHS = "$(inherited) @executable_path/Frameworks @loader_path/Frameworks";
				PRODUCT_NAME = "$(TARGET_NAME)";
			};
			name = Release;
		};
/* End XCBuildConfiguration section */

/* Begin XCConfigurationList section */
		762FB8511A25E64600F68BC8 /* Build configuration list for PBXProject "redbull" */ = {
			isa = XCConfigurationList;
			buildConfigurations = (
				762FB87A1A25E64600F68BC8 /* Debug */,
				762FB87B1A25E64600F68BC8 /* Release */,
			);
			defaultConfigurationIsVisible = 0;
			defaultConfigurationName = Release;
		};
		762FB87C1A25E64600F68BC8 /* Build configuration list for PBXNativeTarget "redbull" */ = {
			isa = XCConfigurationList;
			buildConfigurations = (
				762FB87D1A25E64600F68BC8 /* Debug */,
				762FB87E1A25E64600F68BC8 /* Release */,
			);
			defaultConfigurationIsVisible = 0;
			defaultConfigurationName = Release;
		};
		762FB87F1A25E64600F68BC8 /* Build configuration list for PBXNativeTarget "redbullTests" */ = {
			isa = XCConfigurationList;
			buildConfigurations = (
				762FB8801A25E64600F68BC8 /* Debug */,
				762FB8811A25E64600F68BC8 /* Release */,
			);
			defaultConfigurationIsVisible = 0;
			defaultConfigurationName = Release;
		};
/* End XCConfigurationList section */

/* Begin XCVersionGroup section */
		762FB8601A25E64600F68BC8 /* redbull.xcdatamodeld */ = {
			isa = XCVersionGroup;
			children = (
				762FB8611A25E64600F68BC8 /* redbull.xcdatamodel */,
			);
			currentVersion = 762FB8611A25E64600F68BC8 /* redbull.xcdatamodel */;
			path = redbull.xcdatamodeld;
			sourceTree = "<group>";
			versionGroupType = wrapper.xcdatamodel;
		};
/* End XCVersionGroup section */
	};
	rootObject = 762FB84E1A25E64600F68BC8 /* Project object */;
}
